// !$*UTF8*$!
{
	archiveVersion = 1;
	classes = {
	};
	objectVersion = 46;
	objects = {

/* Begin PBXBuildFile section */
		72C5ED28183E18D80019672A /* 人气.png in Resources */ = {isa = PBXBuildFile; fileRef = 72C5ECDA183E18D80019672A /* 人气.png */; };
		72C5ED29183E18D80019672A /* 价格.png in Resources */ = {isa = PBXBuildFile; fileRef = 72C5ECDB183E18D80019672A /* 价格.png */; };
		72C5ED2A183E18D80019672A /* 商品图片.png in Resources */ = {isa = PBXBuildFile; fileRef = 72C5ECDC183E18D80019672A /* 商品图片.png */; };
		72C5ED2B183E18D80019672A /* 商品图片bg.png in Resources */ = {isa = PBXBuildFile; fileRef = 72C5ECDD183E18D80019672A /* 商品图片bg.png */; };
		72C5ED2C183E18D80019672A /* 商品图片大小.png in Resources */ = {isa = PBXBuildFile; fileRef = 72C5ECDE183E18D80019672A /* 商品图片大小.png */; };
		72C5ED2D183E18D80019672A /* 商品大小.png in Resources */ = {isa = PBXBuildFile; fileRef = 72C5ECDF183E18D80019672A /* 商品大小.png */; };
		72C5ED2E183E18D80019672A /* 商品大背景框.png in Resources */ = {isa = PBXBuildFile; fileRef = 72C5ECE0183E18D80019672A /* 商品大背景框.png */; };
		72C5ED2F183E18D80019672A /* 商品详情-bg.png in Resources */ = {isa = PBXBuildFile; fileRef = 72C5ECE1183E18D80019672A /* 商品详情-bg.png */; };
		72C5ED30183E18D80019672A /* 商品详情1_02.png in Resources */ = {isa = PBXBuildFile; fileRef = 72C5ECE2183E18D80019672A /* 商品详情1_02.png */; };
		72C5ED31183E18D80019672A /* 商品详情1_03.png in Resources */ = {isa = PBXBuildFile; fileRef = 72C5ECE3183E18D80019672A /* 商品详情1_03.png */; };
		72C5ED32183E18D80019672A /* 商品详情_03 (2).png in Resources */ = {isa = PBXBuildFile; fileRef = 72C5ECE4183E18D80019672A /* 商品详情_03 (2).png */; };
		72C5ED33183E18D80019672A /* 商品详情_03 (3).png in Resources */ = {isa = PBXBuildFile; fileRef = 72C5ECE5183E18D80019672A /* 商品详情_03 (3).png */; };
		72C5ED34183E18D80019672A /* 商品详情_03.png in Resources */ = {isa = PBXBuildFile; fileRef = 72C5ECE6183E18D80019672A /* 商品详情_03.png */; };
		72C5ED35183E18D80019672A /* 商品详情_03_03.png in Resources */ = {isa = PBXBuildFile; fileRef = 72C5ECE7183E18D80019672A /* 商品详情_03_03.png */; };
		72C5ED36183E18D80019672A /* 商品详情_06.png in Resources */ = {isa = PBXBuildFile; fileRef = 72C5ECE8183E18D80019672A /* 商品详情_06.png */; };
		72C5ED37183E18D80019672A /* 商品详情_14.png in Resources */ = {isa = PBXBuildFile; fileRef = 72C5ECE9183E18D80019672A /* 商品详情_14.png */; };
		72C5ED38183E18D80019672A /* 商品详情_17.png in Resources */ = {isa = PBXBuildFile; fileRef = 72C5ECEA183E18D80019672A /* 商品详情_17.png */; };
		72C5ED39183E18D80019672A /* 商品详情_21.png in Resources */ = {isa = PBXBuildFile; fileRef = 72C5ECEB183E18D80019672A /* 商品详情_21.png */; };
		72C5ED3A183E18D80019672A /* 商品详情_23.png in Resources */ = {isa = PBXBuildFile; fileRef = 72C5ECEC183E18D80019672A /* 商品详情_23.png */; };
		72C5ED3B183E18D80019672A /* 图片大小.png in Resources */ = {isa = PBXBuildFile; fileRef = 72C5ECED183E18D80019672A /* 图片大小.png */; };
		72C5ED3C183E18D80019672A /* 图片背景大小.png in Resources */ = {isa = PBXBuildFile; fileRef = 72C5ECEE183E18D80019672A /* 图片背景大小.png */; };
		72C5ED3D183E18D80019672A /* 左滑-背景.png in Resources */ = {isa = PBXBuildFile; fileRef = 72C5ECEF183E18D80019672A /* 左滑-背景.png */; };
		72C5ED3E183E18D80019672A /* 左滑_02.png in Resources */ = {isa = PBXBuildFile; fileRef = 72C5ECF0183E18D80019672A /* 左滑_02.png */; };
		72C5ED3F183E18D80019672A /* 左滑_03.png in Resources */ = {isa = PBXBuildFile; fileRef = 72C5ECF1183E18D80019672A /* 左滑_03.png */; };
		72C5ED40183E18D80019672A /* 左滑_06.png in Resources */ = {isa = PBXBuildFile; fileRef = 72C5ECF2183E18D80019672A /* 左滑_06.png */; };
		72C5ED41183E18D80019672A /* 左滑_09.png in Resources */ = {isa = PBXBuildFile; fileRef = 72C5ECF3183E18D80019672A /* 左滑_09.png */; };
		72C5ED42183E18D80019672A /* 左滑_11.png in Resources */ = {isa = PBXBuildFile; fileRef = 72C5ECF4183E18D80019672A /* 左滑_11.png */; };
		72C5ED43183E18D80019672A /* 左滑_13.png in Resources */ = {isa = PBXBuildFile; fileRef = 72C5ECF5183E18D80019672A /* 左滑_13.png */; };
		72C5ED44183E18D80019672A /* 左滑_16.png in Resources */ = {isa = PBXBuildFile; fileRef = 72C5ECF6183E18D80019672A /* 左滑_16.png */; };
		72C5ED45183E18D80019672A /* 我喜欢的-背景.png in Resources */ = {isa = PBXBuildFile; fileRef = 72C5ECF7183E18D80019672A /* 我喜欢的-背景.png */; };
		72C5ED46183E18D80019672A /* 我喜欢的_03.png in Resources */ = {isa = PBXBuildFile; fileRef = 72C5ECF8183E18D80019672A /* 我喜欢的_03.png */; };
		72C5ED47183E18D80019672A /* 我喜欢的_10.png in Resources */ = {isa = PBXBuildFile; fileRef = 72C5ECF9183E18D80019672A /* 我喜欢的_10.png */; };
		72C5ED48183E18D80019672A /* 搜索1_07.png in Resources */ = {isa = PBXBuildFile; fileRef = 72C5ECFA183E18D80019672A /* 搜索1_07.png */; };
		72C5ED49183E18D80019672A /* 搜索2_07.png in Resources */ = {isa = PBXBuildFile; fileRef = 72C5ECFB183E18D80019672A /* 搜索2_07.png */; };
		72C5ED4A183E18D80019672A /* 搜索3_08.png in Resources */ = {isa = PBXBuildFile; fileRef = 72C5ECFC183E18D80019672A /* 搜索3_08.png */; };
		72C5ED4B183E18D80019672A /* 搜索_03.png in Resources */ = {isa = PBXBuildFile; fileRef = 72C5ECFD183E18D80019672A /* 搜索_03.png */; };
		72C5ED4C183E18D80019672A /* 搜索_10.png in Resources */ = {isa = PBXBuildFile; fileRef = 72C5ECFE183E18D80019672A /* 搜索_10.png */; };
		72C5ED4D183E18D80019672A /* 相关.png in Resources */ = {isa = PBXBuildFile; fileRef = 72C5ECFF183E18D80019672A /* 相关.png */; };
		72C5ED4E183E18D80019672A /* 购物车2_02.png in Resources */ = {isa = PBXBuildFile; fileRef = 72C5ED00183E18D80019672A /* 购物车2_02.png */; };
		72C5ED4F183E18D80019672A /* 购物车_03.png in Resources */ = {isa = PBXBuildFile; fileRef = 72C5ED01183E18D80019672A /* 购物车_03.png */; };
		72C5ED50183E18D80019672A /* 购物车_06.png in Resources */ = {isa = PBXBuildFile; fileRef = 72C5ED02183E18D80019672A /* 购物车_06.png */; };
		72C5ED51183E18D80019672A /* 购物车_14.png in Resources */ = {isa = PBXBuildFile; fileRef = 72C5ED03183E18D80019672A /* 购物车_14.png */; };
		72C5ED52183E18D80019672A /* 购物车_18.png in Resources */ = {isa = PBXBuildFile; fileRef = 72C5ED04183E18D80019672A /* 购物车_18.png */; };
		72C5ED53183E18D80019672A /* 购物车_22.png in Resources */ = {isa = PBXBuildFile; fileRef = 72C5ED05183E18D80019672A /* 购物车_22.png */; };
		72C5ED54183E18D80019672A /* 购物车bg.png in Resources */ = {isa = PBXBuildFile; fileRef = 72C5ED06183E18D80019672A /* 购物车bg.png */; };
		72C5ED55183E18D80019672A /* 运动鞋1_46.png in Resources */ = {isa = PBXBuildFile; fileRef = 72C5ED07183E18D80019672A /* 运动鞋1_46.png */; };
		72C5ED56183E18D80019672A /* 运动鞋2_02.png in Resources */ = {isa = PBXBuildFile; fileRef = 72C5ED08183E18D80019672A /* 运动鞋2_02.png */; };
		72C5ED57183E18D80019672A /* 运动鞋2_05.png in Resources */ = {isa = PBXBuildFile; fileRef = 72C5ED09183E18D80019672A /* 运动鞋2_05.png */; };
		72C5ED58183E18D80019672A /* 运动鞋2_07.png in Resources */ = {isa = PBXBuildFile; fileRef = 72C5ED0A183E18D80019672A /* 运动鞋2_07.png */; };
		72C5ED59183E18D80019672A /* 运动鞋2_09.png in Resources */ = {isa = PBXBuildFile; fileRef = 72C5ED0B183E18D80019672A /* 运动鞋2_09.png */; };
		72C5ED5A183E18D80019672A /* 运动鞋2_11.png in Resources */ = {isa = PBXBuildFile; fileRef = 72C5ED0C183E18D80019672A /* 运动鞋2_11.png */; };
		72C5ED5B183E18D80019672A /* 运动鞋2_14.png in Resources */ = {isa = PBXBuildFile; fileRef = 72C5ED0D183E18D80019672A /* 运动鞋2_14.png */; };
		72C5ED5C183E18D80019672A /* 运动鞋2_17.png in Resources */ = {isa = PBXBuildFile; fileRef = 72C5ED0E183E18D80019672A /* 运动鞋2_17.png */; };
		72C5ED5D183E18D80019672A /* 运动鞋2_20.png in Resources */ = {isa = PBXBuildFile; fileRef = 72C5ED0F183E18D80019672A /* 运动鞋2_20.png */; };
		72C5ED5E183E18D80019672A /* 运动鞋2_23.png in Resources */ = {isa = PBXBuildFile; fileRef = 72C5ED10183E18D80019672A /* 运动鞋2_23.png */; };
		72C5ED5F183E18D80019672A /* 运动鞋_03.png in Resources */ = {isa = PBXBuildFile; fileRef = 72C5ED11183E18D80019672A /* 运动鞋_03.png */; };
		72C5ED60183E18D80019672A /* 运动鞋_06.png in Resources */ = {isa = PBXBuildFile; fileRef = 72C5ED12183E18D80019672A /* 运动鞋_06.png */; };
		72C5ED61183E18D80019672A /* 运动鞋_11.png in Resources */ = {isa = PBXBuildFile; fileRef = 72C5ED13183E18D80019672A /* 运动鞋_11.png */; };
		72C5ED62183E18D80019672A /* 运动鞋_13.png in Resources */ = {isa = PBXBuildFile; fileRef = 72C5ED14183E18D80019672A /* 运动鞋_13.png */; };
		72C5ED63183E18D80019672A /* 运动鞋_15.png in Resources */ = {isa = PBXBuildFile; fileRef = 72C5ED15183E18D80019672A /* 运动鞋_15.png */; };
		72C5ED64183E18D80019672A /* 运动鞋_17.png in Resources */ = {isa = PBXBuildFile; fileRef = 72C5ED16183E18D80019672A /* 运动鞋_17.png */; };
		72C5ED65183E18D80019672A /* 运动鞋_20.png in Resources */ = {isa = PBXBuildFile; fileRef = 72C5ED17183E18D80019672A /* 运动鞋_20.png */; };
		72C5ED66183E18D80019672A /* 运动鞋_23.png in Resources */ = {isa = PBXBuildFile; fileRef = 72C5ED18183E18D80019672A /* 运动鞋_23.png */; };
		72C5ED67183E18D80019672A /* 运动鞋_26.png in Resources */ = {isa = PBXBuildFile; fileRef = 72C5ED19183E18D80019672A /* 运动鞋_26.png */; };
		72C5ED68183E18D80019672A /* 运动鞋_29.png in Resources */ = {isa = PBXBuildFile; fileRef = 72C5ED1A183E18D80019672A /* 运动鞋_29.png */; };
		72C5ED69183E18D80019672A /* 运动鞋_42.png in Resources */ = {isa = PBXBuildFile; fileRef = 72C5ED1B183E18D80019672A /* 运动鞋_42.png */; };
		72C5ED6A183E18D80019672A /* 运动鞋_52.png in Resources */ = {isa = PBXBuildFile; fileRef = 72C5ED1C183E18D80019672A /* 运动鞋_52.png */; };
		72C5ED6B183E18D80019672A /* 销量.png in Resources */ = {isa = PBXBuildFile; fileRef = 72C5ED1D183E18D80019672A /* 销量.png */; };
		72C5ED6C183E18D80019672A /* 首页-bg.png in Resources */ = {isa = PBXBuildFile; fileRef = 72C5ED1E183E18D80019672A /* 首页-bg.png */; };
		72C5ED6D183E18D80019672A /* 首页1_03.png in Resources */ = {isa = PBXBuildFile; fileRef = 72C5ED1F183E18D80019672A /* 首页1_03.png */; };
		72C5ED6E183E18D80019672A /* 首页1_06.png in Resources */ = {isa = PBXBuildFile; fileRef = 72C5ED20183E18D80019672A /* 首页1_06.png */; };
		72C5ED6F183E18D80019672A /* 首页1_08.png in Resources */ = {isa = PBXBuildFile; fileRef = 72C5ED21183E18D80019672A /* 首页1_08.png */; };
		72C5ED70183E18D80019672A /* 首页1_10.png in Resources */ = {isa = PBXBuildFile; fileRef = 72C5ED22183E18D80019672A /* 首页1_10.png */; };
		72C5ED71183E18D80019672A /* 首页_03.png in Resources */ = {isa = PBXBuildFile; fileRef = 72C5ED23183E18D80019672A /* 首页_03.png */; };
		72C5ED72183E18D80019672A /* 首页_07.png in Resources */ = {isa = PBXBuildFile; fileRef = 72C5ED24183E18D80019672A /* 首页_07.png */; };
		72C5ED73183E18D80019672A /* 首页_10.png in Resources */ = {isa = PBXBuildFile; fileRef = 72C5ED25183E18D80019672A /* 首页_10.png */; };
		72C5ED74183E18D80019672A /* 首页_12.png in Resources */ = {isa = PBXBuildFile; fileRef = 72C5ED26183E18D80019672A /* 首页_12.png */; };
		72C5ED75183E18D80019672A /* 首页_14.png in Resources */ = {isa = PBXBuildFile; fileRef = 72C5ED27183E18D80019672A /* 首页_14.png */; };
		72C5ED7B183E1E430019672A /* STLeftCell.m in Sources */ = {isa = PBXBuildFile; fileRef = 72C5ED7A183E1E430019672A /* STLeftCell.m */; };
		D254BC9D183E25B100C61DB7 /* sqlite.db in Resources */ = {isa = PBXBuildFile; fileRef = D254BC9C183E25B100C61DB7 /* sqlite.db */; };
		D27B667D183E1361007555F5 /* Foundation.framework in Frameworks */ = {isa = PBXBuildFile; fileRef = D27B667C183E1361007555F5 /* Foundation.framework */; };
		D27B667F183E1361007555F5 /* CoreGraphics.framework in Frameworks */ = {isa = PBXBuildFile; fileRef = D27B667E183E1361007555F5 /* CoreGraphics.framework */; };
		D27B6681183E1361007555F5 /* UIKit.framework in Frameworks */ = {isa = PBXBuildFile; fileRef = D27B6680183E1361007555F5 /* UIKit.framework */; };
		D27B6687183E1361007555F5 /* InfoPlist.strings in Resources */ = {isa = PBXBuildFile; fileRef = D27B6685183E1361007555F5 /* InfoPlist.strings */; };
		D27B6689183E1361007555F5 /* main.m in Sources */ = {isa = PBXBuildFile; fileRef = D27B6688183E1361007555F5 /* main.m */; };
		D27B668D183E1361007555F5 /* STAppDelegate.m in Sources */ = {isa = PBXBuildFile; fileRef = D27B668C183E1361007555F5 /* STAppDelegate.m */; };
		D27B668F183E1362007555F5 /* Images.xcassets in Resources */ = {isa = PBXBuildFile; fileRef = D27B668E183E1362007555F5 /* Images.xcassets */; };
		D27B6696183E1362007555F5 /* XCTest.framework in Frameworks */ = {isa = PBXBuildFile; fileRef = D27B6695183E1362007555F5 /* XCTest.framework */; };
		D27B6697183E1362007555F5 /* Foundation.framework in Frameworks */ = {isa = PBXBuildFile; fileRef = D27B667C183E1361007555F5 /* Foundation.framework */; };
		D27B6698183E1362007555F5 /* UIKit.framework in Frameworks */ = {isa = PBXBuildFile; fileRef = D27B6680183E1361007555F5 /* UIKit.framework */; };
		D27B66A0183E1362007555F5 /* InfoPlist.strings in Resources */ = {isa = PBXBuildFile; fileRef = D27B669E183E1362007555F5 /* InfoPlist.strings */; };
		D27B66A2183E1362007555F5 /* SportsShoppingTests.m in Sources */ = {isa = PBXBuildFile; fileRef = D27B66A1183E1362007555F5 /* SportsShoppingTests.m */; };
		D27B66B1183E1542007555F5 /* STBlockButton.m in Sources */ = {isa = PBXBuildFile; fileRef = D27B66AE183E1542007555F5 /* STBlockButton.m */; settings = {COMPILER_FLAGS = "-fno-objc-arc"; }; };
		D27B66B2183E1542007555F5 /* UIView+Position.m in Sources */ = {isa = PBXBuildFile; fileRef = D27B66B0183E1542007555F5 /* UIView+Position.m */; };
		D27B66C6183E1550007555F5 /* SDImageCache.m in Sources */ = {isa = PBXBuildFile; fileRef = D27B66B5183E1550007555F5 /* SDImageCache.m */; settings = {COMPILER_FLAGS = "-fno-objc-arc"; }; };
		D27B66C7183E1550007555F5 /* SDWebImageDecoder.m in Sources */ = {isa = PBXBuildFile; fileRef = D27B66B9183E1550007555F5 /* SDWebImageDecoder.m */; settings = {COMPILER_FLAGS = "-fno-objc-arc"; }; };
		D27B66C8183E1550007555F5 /* SDWebImageDownloader.m in Sources */ = {isa = PBXBuildFile; fileRef = D27B66BB183E1550007555F5 /* SDWebImageDownloader.m */; settings = {COMPILER_FLAGS = "-fno-objc-arc"; }; };
		D27B66C9183E1550007555F5 /* SDWebImageManager.m in Sources */ = {isa = PBXBuildFile; fileRef = D27B66BE183E1550007555F5 /* SDWebImageManager.m */; settings = {COMPILER_FLAGS = "-fno-objc-arc"; }; };
		D27B66CA183E1550007555F5 /* SDWebImagePrefetcher.m in Sources */ = {isa = PBXBuildFile; fileRef = D27B66C1183E1550007555F5 /* SDWebImagePrefetcher.m */; settings = {COMPILER_FLAGS = "-fno-objc-arc"; }; };
		D27B66CB183E1550007555F5 /* UIButton+WebCache.m in Sources */ = {isa = PBXBuildFile; fileRef = D27B66C3183E1550007555F5 /* UIButton+WebCache.m */; settings = {COMPILER_FLAGS = "-fno-objc-arc"; }; };
		D27B66CC183E1550007555F5 /* UIImageView+WebCache.m in Sources */ = {isa = PBXBuildFile; fileRef = D27B66C5183E1550007555F5 /* UIImageView+WebCache.m */; settings = {COMPILER_FLAGS = "-fno-objc-arc"; }; };
		D27B66D8183E1562007555F5 /* FMDatabase.m in Sources */ = {isa = PBXBuildFile; fileRef = D27B66CF183E1562007555F5 /* FMDatabase.m */; };
		D27B66D9183E1562007555F5 /* FMDatabaseAdditions.m in Sources */ = {isa = PBXBuildFile; fileRef = D27B66D1183E1562007555F5 /* FMDatabaseAdditions.m */; };
		D27B66DA183E1562007555F5 /* FMDatabasePool.m in Sources */ = {isa = PBXBuildFile; fileRef = D27B66D3183E1562007555F5 /* FMDatabasePool.m */; };
		D27B66DB183E1562007555F5 /* FMDatabaseQueue.m in Sources */ = {isa = PBXBuildFile; fileRef = D27B66D5183E1562007555F5 /* FMDatabaseQueue.m */; };
		D27B66DC183E1562007555F5 /* FMResultSet.m in Sources */ = {isa = PBXBuildFile; fileRef = D27B66D7183E1562007555F5 /* FMResultSet.m */; };
		D27B66DF183E1574007555F5 /* DDMenuController.m in Sources */ = {isa = PBXBuildFile; fileRef = D27B66DE183E1574007555F5 /* DDMenuController.m */; };
		D27B66E2183E1587007555F5 /* NSString+URLEncoding.m in Sources */ = {isa = PBXBuildFile; fileRef = D27B66E1183E1587007555F5 /* NSString+URLEncoding.m */; settings = {COMPILER_FLAGS = "-fno-objc-arc"; }; };
		D27B66E5183E1590007555F5 /* STBaseViewController.m in Sources */ = {isa = PBXBuildFile; fileRef = D27B66E4183E1590007555F5 /* STBaseViewController.m */; };
		D27B66E8183E1614007555F5 /* libsqlite3.0.dylib in Frameworks */ = {isa = PBXBuildFile; fileRef = D27B66E7183E1614007555F5 /* libsqlite3.0.dylib */; };
		D27B66EB183E164D007555F5 /* STHomeViewController.m in Sources */ = {isa = PBXBuildFile; fileRef = D27B66EA183E164D007555F5 /* STHomeViewController.m */; };
		D27B66EE183E1797007555F5 /* STLeftViewController.m in Sources */ = {isa = PBXBuildFile; fileRef = D27B66ED183E1797007555F5 /* STLeftViewController.m */; };
		D27B66F1183E17A3007555F5 /* STRightViewController.m in Sources */ = {isa = PBXBuildFile; fileRef = D27B66F0183E17A3007555F5 /* STRightViewController.m */; };
		D27B66F9183E1A95007555F5 /* STDataHelper.m in Sources */ = {isa = PBXBuildFile; fileRef = D27B66F8183E1A95007555F5 /* STDataHelper.m */; };
		D27B66FC183E1B03007555F5 /* STDataHelper+Network.m in Sources */ = {isa = PBXBuildFile; fileRef = D27B66FB183E1B03007555F5 /* STDataHelper+Network.m */; };
		D27B66FF183E1CAF007555F5 /* STDataHelper+Database.m in Sources */ = {isa = PBXBuildFile; fileRef = D27B66FE183E1CAF007555F5 /* STDataHelper+Database.m */; };
		D27B6703183E1E3D007555F5 /* STModelCategory.m in Sources */ = {isa = PBXBuildFile; fileRef = D27B6702183E1E3D007555F5 /* STModelCategory.m */; };
		D27B6706183E1E56007555F5 /* STModelItem.m in Sources */ = {isa = PBXBuildFile; fileRef = D27B6705183E1E56007555F5 /* STModelItem.m */; };
/* End PBXBuildFile section */

/* Begin PBXContainerItemProxy section */
		D27B6699183E1362007555F5 /* PBXContainerItemProxy */ = {
			isa = PBXContainerItemProxy;
			containerPortal = D27B6671183E1361007555F5 /* Project object */;
			proxyType = 1;
			remoteGlobalIDString = D27B6678183E1361007555F5;
			remoteInfo = SportsShopping;
		};
/* End PBXContainerItemProxy section */

/* Begin PBXFileReference section */
		72C5ECDA183E18D80019672A /* 人气.png */ = {isa = PBXFileReference; lastKnownFileType = image.png; path = "人气.png"; sourceTree = "<group>"; };
		72C5ECDB183E18D80019672A /* 价格.png */ = {isa = PBXFileReference; lastKnownFileType = image.png; path = "价格.png"; sourceTree = "<group>"; };
		72C5ECDC183E18D80019672A /* 商品图片.png */ = {isa = PBXFileReference; lastKnownFileType = image.png; path = "商品图片.png"; sourceTree = "<group>"; };
		72C5ECDD183E18D80019672A /* 商品图片bg.png */ = {isa = PBXFileReference; lastKnownFileType = image.png; path = "商品图片bg.png"; sourceTree = "<group>"; };
		72C5ECDE183E18D80019672A /* 商品图片大小.png */ = {isa = PBXFileReference; lastKnownFileType = image.png; path = "商品图片大小.png"; sourceTree = "<group>"; };
		72C5ECDF183E18D80019672A /* 商品大小.png */ = {isa = PBXFileReference; lastKnownFileType = image.png; path = "商品大小.png"; sourceTree = "<group>"; };
		72C5ECE0183E18D80019672A /* 商品大背景框.png */ = {isa = PBXFileReference; lastKnownFileType = image.png; path = "商品大背景框.png"; sourceTree = "<group>"; };
		72C5ECE1183E18D80019672A /* 商品详情-bg.png */ = {isa = PBXFileReference; lastKnownFileType = image.png; path = "商品详情-bg.png"; sourceTree = "<group>"; };
		72C5ECE2183E18D80019672A /* 商品详情1_02.png */ = {isa = PBXFileReference; lastKnownFileType = image.png; path = "商品详情1_02.png"; sourceTree = "<group>"; };
		72C5ECE3183E18D80019672A /* 商品详情1_03.png */ = {isa = PBXFileReference; lastKnownFileType = image.png; path = "商品详情1_03.png"; sourceTree = "<group>"; };
		72C5ECE4183E18D80019672A /* 商品详情_03 (2).png */ = {isa = PBXFileReference; lastKnownFileType = image.png; path = "商品详情_03 (2).png"; sourceTree = "<group>"; };
		72C5ECE5183E18D80019672A /* 商品详情_03 (3).png */ = {isa = PBXFileReference; lastKnownFileType = image.png; path = "商品详情_03 (3).png"; sourceTree = "<group>"; };
		72C5ECE6183E18D80019672A /* 商品详情_03.png */ = {isa = PBXFileReference; lastKnownFileType = image.png; path = "商品详情_03.png"; sourceTree = "<group>"; };
		72C5ECE7183E18D80019672A /* 商品详情_03_03.png */ = {isa = PBXFileReference; lastKnownFileType = image.png; path = "商品详情_03_03.png"; sourceTree = "<group>"; };
		72C5ECE8183E18D80019672A /* 商品详情_06.png */ = {isa = PBXFileReference; lastKnownFileType = image.png; path = "商品详情_06.png"; sourceTree = "<group>"; };
		72C5ECE9183E18D80019672A /* 商品详情_14.png */ = {isa = PBXFileReference; lastKnownFileType = image.png; path = "商品详情_14.png"; sourceTree = "<group>"; };
		72C5ECEA183E18D80019672A /* 商品详情_17.png */ = {isa = PBXFileReference; lastKnownFileType = image.png; path = "商品详情_17.png"; sourceTree = "<group>"; };
		72C5ECEB183E18D80019672A /* 商品详情_21.png */ = {isa = PBXFileReference; lastKnownFileType = image.png; path = "商品详情_21.png"; sourceTree = "<group>"; };
		72C5ECEC183E18D80019672A /* 商品详情_23.png */ = {isa = PBXFileReference; lastKnownFileType = image.png; path = "商品详情_23.png"; sourceTree = "<group>"; };
		72C5ECED183E18D80019672A /* 图片大小.png */ = {isa = PBXFileReference; lastKnownFileType = image.png; path = "图片大小.png"; sourceTree = "<group>"; };
		72C5ECEE183E18D80019672A /* 图片背景大小.png */ = {isa = PBXFileReference; lastKnownFileType = image.png; path = "图片背景大小.png"; sourceTree = "<group>"; };
		72C5ECEF183E18D80019672A /* 左滑-背景.png */ = {isa = PBXFileReference; lastKnownFileType = image.png; path = "左滑-背景.png"; sourceTree = "<group>"; };
		72C5ECF0183E18D80019672A /* 左滑_02.png */ = {isa = PBXFileReference; lastKnownFileType = image.png; path = "左滑_02.png"; sourceTree = "<group>"; };
		72C5ECF1183E18D80019672A /* 左滑_03.png */ = {isa = PBXFileReference; lastKnownFileType = image.png; path = "左滑_03.png"; sourceTree = "<group>"; };
		72C5ECF2183E18D80019672A /* 左滑_06.png */ = {isa = PBXFileReference; lastKnownFileType = image.png; path = "左滑_06.png"; sourceTree = "<group>"; };
		72C5ECF3183E18D80019672A /* 左滑_09.png */ = {isa = PBXFileReference; lastKnownFileType = image.png; path = "左滑_09.png"; sourceTree = "<group>"; };
		72C5ECF4183E18D80019672A /* 左滑_11.png */ = {isa = PBXFileReference; lastKnownFileType = image.png; path = "左滑_11.png"; sourceTree = "<group>"; };
		72C5ECF5183E18D80019672A /* 左滑_13.png */ = {isa = PBXFileReference; lastKnownFileType = image.png; path = "左滑_13.png"; sourceTree = "<group>"; };
		72C5ECF6183E18D80019672A /* 左滑_16.png */ = {isa = PBXFileReference; lastKnownFileType = image.png; path = "左滑_16.png"; sourceTree = "<group>"; };
		72C5ECF7183E18D80019672A /* 我喜欢的-背景.png */ = {isa = PBXFileReference; lastKnownFileType = image.png; path = "我喜欢的-背景.png"; sourceTree = "<group>"; };
		72C5ECF8183E18D80019672A /* 我喜欢的_03.png */ = {isa = PBXFileReference; lastKnownFileType = image.png; path = "我喜欢的_03.png"; sourceTree = "<group>"; };
		72C5ECF9183E18D80019672A /* 我喜欢的_10.png */ = {isa = PBXFileReference; lastKnownFileType = image.png; path = "我喜欢的_10.png"; sourceTree = "<group>"; };
		72C5ECFA183E18D80019672A /* 搜索1_07.png */ = {isa = PBXFileReference; lastKnownFileType = image.png; path = "搜索1_07.png"; sourceTree = "<group>"; };
		72C5ECFB183E18D80019672A /* 搜索2_07.png */ = {isa = PBXFileReference; lastKnownFileType = image.png; path = "搜索2_07.png"; sourceTree = "<group>"; };
		72C5ECFC183E18D80019672A /* 搜索3_08.png */ = {isa = PBXFileReference; lastKnownFileType = image.png; path = "搜索3_08.png"; sourceTree = "<group>"; };
		72C5ECFD183E18D80019672A /* 搜索_03.png */ = {isa = PBXFileReference; lastKnownFileType = image.png; path = "搜索_03.png"; sourceTree = "<group>"; };
		72C5ECFE183E18D80019672A /* 搜索_10.png */ = {isa = PBXFileReference; lastKnownFileType = image.png; path = "搜索_10.png"; sourceTree = "<group>"; };
		72C5ECFF183E18D80019672A /* 相关.png */ = {isa = PBXFileReference; lastKnownFileType = image.png; path = "相关.png"; sourceTree = "<group>"; };
		72C5ED00183E18D80019672A /* 购物车2_02.png */ = {isa = PBXFileReference; lastKnownFileType = image.png; path = "购物车2_02.png"; sourceTree = "<group>"; };
		72C5ED01183E18D80019672A /* 购物车_03.png */ = {isa = PBXFileReference; lastKnownFileType = image.png; path = "购物车_03.png"; sourceTree = "<group>"; };
		72C5ED02183E18D80019672A /* 购物车_06.png */ = {isa = PBXFileReference; lastKnownFileType = image.png; path = "购物车_06.png"; sourceTree = "<group>"; };
		72C5ED03183E18D80019672A /* 购物车_14.png */ = {isa = PBXFileReference; lastKnownFileType = image.png; path = "购物车_14.png"; sourceTree = "<group>"; };
		72C5ED04183E18D80019672A /* 购物车_18.png */ = {isa = PBXFileReference; lastKnownFileType = image.png; path = "购物车_18.png"; sourceTree = "<group>"; };
		72C5ED05183E18D80019672A /* 购物车_22.png */ = {isa = PBXFileReference; lastKnownFileType = image.png; path = "购物车_22.png"; sourceTree = "<group>"; };
		72C5ED06183E18D80019672A /* 购物车bg.png */ = {isa = PBXFileReference; lastKnownFileType = image.png; path = "购物车bg.png"; sourceTree = "<group>"; };
		72C5ED07183E18D80019672A /* 运动鞋1_46.png */ = {isa = PBXFileReference; lastKnownFileType = image.png; path = "运动鞋1_46.png"; sourceTree = "<group>"; };
		72C5ED08183E18D80019672A /* 运动鞋2_02.png */ = {isa = PBXFileReference; lastKnownFileType = image.png; path = "运动鞋2_02.png"; sourceTree = "<group>"; };
		72C5ED09183E18D80019672A /* 运动鞋2_05.png */ = {isa = PBXFileReference; lastKnownFileType = image.png; path = "运动鞋2_05.png"; sourceTree = "<group>"; };
		72C5ED0A183E18D80019672A /* 运动鞋2_07.png */ = {isa = PBXFileReference; lastKnownFileType = image.png; path = "运动鞋2_07.png"; sourceTree = "<group>"; };
		72C5ED0B183E18D80019672A /* 运动鞋2_09.png */ = {isa = PBXFileReference; lastKnownFileType = image.png; path = "运动鞋2_09.png"; sourceTree = "<group>"; };
		72C5ED0C183E18D80019672A /* 运动鞋2_11.png */ = {isa = PBXFileReference; lastKnownFileType = image.png; path = "运动鞋2_11.png"; sourceTree = "<group>"; };
		72C5ED0D183E18D80019672A /* 运动鞋2_14.png */ = {isa = PBXFileReference; lastKnownFileType = image.png; path = "运动鞋2_14.png"; sourceTree = "<group>"; };
		72C5ED0E183E18D80019672A /* 运动鞋2_17.png */ = {isa = PBXFileReference; lastKnownFileType = image.png; path = "运动鞋2_17.png"; sourceTree = "<group>"; };
		72C5ED0F183E18D80019672A /* 运动鞋2_20.png */ = {isa = PBXFileReference; lastKnownFileType = image.png; path = "运动鞋2_20.png"; sourceTree = "<group>"; };
		72C5ED10183E18D80019672A /* 运动鞋2_23.png */ = {isa = PBXFileReference; lastKnownFileType = image.png; path = "运动鞋2_23.png"; sourceTree = "<group>"; };
		72C5ED11183E18D80019672A /* 运动鞋_03.png */ = {isa = PBXFileReference; lastKnownFileType = image.png; path = "运动鞋_03.png"; sourceTree = "<group>"; };
		72C5ED12183E18D80019672A /* 运动鞋_06.png */ = {isa = PBXFileReference; lastKnownFileType = image.png; path = "运动鞋_06.png"; sourceTree = "<group>"; };
		72C5ED13183E18D80019672A /* 运动鞋_11.png */ = {isa = PBXFileReference; lastKnownFileType = image.png; path = "运动鞋_11.png"; sourceTree = "<group>"; };
		72C5ED14183E18D80019672A /* 运动鞋_13.png */ = {isa = PBXFileReference; lastKnownFileType = image.png; path = "运动鞋_13.png"; sourceTree = "<group>"; };
		72C5ED15183E18D80019672A /* 运动鞋_15.png */ = {isa = PBXFileReference; lastKnownFileType = image.png; path = "运动鞋_15.png"; sourceTree = "<group>"; };
		72C5ED16183E18D80019672A /* 运动鞋_17.png */ = {isa = PBXFileReference; lastKnownFileType = image.png; path = "运动鞋_17.png"; sourceTree = "<group>"; };
		72C5ED17183E18D80019672A /* 运动鞋_20.png */ = {isa = PBXFileReference; lastKnownFileType = image.png; path = "运动鞋_20.png"; sourceTree = "<group>"; };
		72C5ED18183E18D80019672A /* 运动鞋_23.png */ = {isa = PBXFileReference; lastKnownFileType = image.png; path = "运动鞋_23.png"; sourceTree = "<group>"; };
		72C5ED19183E18D80019672A /* 运动鞋_26.png */ = {isa = PBXFileReference; lastKnownFileType = image.png; path = "运动鞋_26.png"; sourceTree = "<group>"; };
		72C5ED1A183E18D80019672A /* 运动鞋_29.png */ = {isa = PBXFileReference; lastKnownFileType = image.png; path = "运动鞋_29.png"; sourceTree = "<group>"; };
		72C5ED1B183E18D80019672A /* 运动鞋_42.png */ = {isa = PBXFileReference; lastKnownFileType = image.png; path = "运动鞋_42.png"; sourceTree = "<group>"; };
		72C5ED1C183E18D80019672A /* 运动鞋_52.png */ = {isa = PBXFileReference; lastKnownFileType = image.png; path = "运动鞋_52.png"; sourceTree = "<group>"; };
		72C5ED1D183E18D80019672A /* 销量.png */ = {isa = PBXFileReference; lastKnownFileType = image.png; path = "销量.png"; sourceTree = "<group>"; };
		72C5ED1E183E18D80019672A /* 首页-bg.png */ = {isa = PBXFileReference; lastKnownFileType = image.png; path = "首页-bg.png"; sourceTree = "<group>"; };
		72C5ED1F183E18D80019672A /* 首页1_03.png */ = {isa = PBXFileReference; lastKnownFileType = image.png; path = "首页1_03.png"; sourceTree = "<group>"; };
		72C5ED20183E18D80019672A /* 首页1_06.png */ = {isa = PBXFileReference; lastKnownFileType = image.png; path = "首页1_06.png"; sourceTree = "<group>"; };
		72C5ED21183E18D80019672A /* 首页1_08.png */ = {isa = PBXFileReference; lastKnownFileType = image.png; path = "首页1_08.png"; sourceTree = "<group>"; };
		72C5ED22183E18D80019672A /* 首页1_10.png */ = {isa = PBXFileReference; lastKnownFileType = image.png; path = "首页1_10.png"; sourceTree = "<group>"; };
		72C5ED23183E18D80019672A /* 首页_03.png */ = {isa = PBXFileReference; lastKnownFileType = image.png; path = "首页_03.png"; sourceTree = "<group>"; };
		72C5ED24183E18D80019672A /* 首页_07.png */ = {isa = PBXFileReference; lastKnownFileType = image.png; path = "首页_07.png"; sourceTree = "<group>"; };
		72C5ED25183E18D80019672A /* 首页_10.png */ = {isa = PBXFileReference; lastKnownFileType = image.png; path = "首页_10.png"; sourceTree = "<group>"; };
		72C5ED26183E18D80019672A /* 首页_12.png */ = {isa = PBXFileReference; lastKnownFileType = image.png; path = "首页_12.png"; sourceTree = "<group>"; };
		72C5ED27183E18D80019672A /* 首页_14.png */ = {isa = PBXFileReference; lastKnownFileType = image.png; path = "首页_14.png"; sourceTree = "<group>"; };
		72C5ED79183E1E430019672A /* STLeftCell.h */ = {isa = PBXFileReference; fileEncoding = 4; lastKnownFileType = sourcecode.c.h; path = STLeftCell.h; sourceTree = "<group>"; };
		72C5ED7A183E1E430019672A /* STLeftCell.m */ = {isa = PBXFileReference; fileEncoding = 4; lastKnownFileType = sourcecode.c.objc; path = STLeftCell.m; sourceTree = "<group>"; };
		D254BC9C183E25B100C61DB7 /* sqlite.db */ = {isa = PBXFileReference; lastKnownFileType = file; path = sqlite.db; sourceTree = "<group>"; };
		D27B6679183E1361007555F5 /* SportsShopping.app */ = {isa = PBXFileReference; explicitFileType = wrapper.application; includeInIndex = 0; path = SportsShopping.app; sourceTree = BUILT_PRODUCTS_DIR; };
		D27B667C183E1361007555F5 /* Foundation.framework */ = {isa = PBXFileReference; lastKnownFileType = wrapper.framework; name = Foundation.framework; path = System/Library/Frameworks/Foundation.framework; sourceTree = SDKROOT; };
		D27B667E183E1361007555F5 /* CoreGraphics.framework */ = {isa = PBXFileReference; lastKnownFileType = wrapper.framework; name = CoreGraphics.framework; path = System/Library/Frameworks/CoreGraphics.framework; sourceTree = SDKROOT; };
		D27B6680183E1361007555F5 /* UIKit.framework */ = {isa = PBXFileReference; lastKnownFileType = wrapper.framework; name = UIKit.framework; path = System/Library/Frameworks/UIKit.framework; sourceTree = SDKROOT; };
		D27B6684183E1361007555F5 /* SportsShopping-Info.plist */ = {isa = PBXFileReference; lastKnownFileType = text.plist.xml; path = "SportsShopping-Info.plist"; sourceTree = "<group>"; };
		D27B6686183E1361007555F5 /* en */ = {isa = PBXFileReference; lastKnownFileType = text.plist.strings; name = en; path = en.lproj/InfoPlist.strings; sourceTree = "<group>"; };
		D27B6688183E1361007555F5 /* main.m */ = {isa = PBXFileReference; lastKnownFileType = sourcecode.c.objc; path = main.m; sourceTree = "<group>"; };
		D27B668A183E1361007555F5 /* SportsShopping-Prefix.pch */ = {isa = PBXFileReference; lastKnownFileType = sourcecode.c.h; path = "SportsShopping-Prefix.pch"; sourceTree = "<group>"; };
		D27B668B183E1361007555F5 /* STAppDelegate.h */ = {isa = PBXFileReference; lastKnownFileType = sourcecode.c.h; path = STAppDelegate.h; sourceTree = "<group>"; };
		D27B668C183E1361007555F5 /* STAppDelegate.m */ = {isa = PBXFileReference; lastKnownFileType = sourcecode.c.objc; path = STAppDelegate.m; sourceTree = "<group>"; };
		D27B668E183E1362007555F5 /* Images.xcassets */ = {isa = PBXFileReference; lastKnownFileType = folder.assetcatalog; path = Images.xcassets; sourceTree = "<group>"; };
		D27B6694183E1362007555F5 /* SportsShoppingTests.xctest */ = {isa = PBXFileReference; explicitFileType = wrapper.cfbundle; includeInIndex = 0; path = SportsShoppingTests.xctest; sourceTree = BUILT_PRODUCTS_DIR; };
		D27B6695183E1362007555F5 /* XCTest.framework */ = {isa = PBXFileReference; lastKnownFileType = wrapper.framework; name = XCTest.framework; path = Library/Frameworks/XCTest.framework; sourceTree = DEVELOPER_DIR; };
		D27B669D183E1362007555F5 /* SportsShoppingTests-Info.plist */ = {isa = PBXFileReference; lastKnownFileType = text.plist.xml; path = "SportsShoppingTests-Info.plist"; sourceTree = "<group>"; };
		D27B669F183E1362007555F5 /* en */ = {isa = PBXFileReference; lastKnownFileType = text.plist.strings; name = en; path = en.lproj/InfoPlist.strings; sourceTree = "<group>"; };
		D27B66A1183E1362007555F5 /* SportsShoppingTests.m */ = {isa = PBXFileReference; lastKnownFileType = sourcecode.c.objc; path = SportsShoppingTests.m; sourceTree = "<group>"; };
		D27B66AD183E1542007555F5 /* STBlockButton.h */ = {isa = PBXFileReference; fileEncoding = 4; lastKnownFileType = sourcecode.c.h; path = STBlockButton.h; sourceTree = "<group>"; };
		D27B66AE183E1542007555F5 /* STBlockButton.m */ = {isa = PBXFileReference; fileEncoding = 4; lastKnownFileType = sourcecode.c.objc; path = STBlockButton.m; sourceTree = "<group>"; };
		D27B66AF183E1542007555F5 /* UIView+Position.h */ = {isa = PBXFileReference; fileEncoding = 4; lastKnownFileType = sourcecode.c.h; path = "UIView+Position.h"; sourceTree = "<group>"; };
		D27B66B0183E1542007555F5 /* UIView+Position.m */ = {isa = PBXFileReference; fileEncoding = 4; lastKnownFileType = sourcecode.c.objc; path = "UIView+Position.m"; sourceTree = "<group>"; };
		D27B66B4183E1550007555F5 /* SDImageCache.h */ = {isa = PBXFileReference; fileEncoding = 4; lastKnownFileType = sourcecode.c.h; path = SDImageCache.h; sourceTree = "<group>"; };
		D27B66B5183E1550007555F5 /* SDImageCache.m */ = {isa = PBXFileReference; fileEncoding = 4; lastKnownFileType = sourcecode.c.objc; path = SDImageCache.m; sourceTree = "<group>"; };
		D27B66B6183E1550007555F5 /* SDImageCacheDelegate.h */ = {isa = PBXFileReference; fileEncoding = 4; lastKnownFileType = sourcecode.c.h; path = SDImageCacheDelegate.h; sourceTree = "<group>"; };
		D27B66B7183E1550007555F5 /* SDWebImageCompat.h */ = {isa = PBXFileReference; fileEncoding = 4; lastKnownFileType = sourcecode.c.h; path = SDWebImageCompat.h; sourceTree = "<group>"; };
		D27B66B8183E1550007555F5 /* SDWebImageDecoder.h */ = {isa = PBXFileReference; fileEncoding = 4; lastKnownFileType = sourcecode.c.h; path = SDWebImageDecoder.h; sourceTree = "<group>"; };
		D27B66B9183E1550007555F5 /* SDWebImageDecoder.m */ = {isa = PBXFileReference; fileEncoding = 4; lastKnownFileType = sourcecode.c.objc; path = SDWebImageDecoder.m; sourceTree = "<group>"; };
		D27B66BA183E1550007555F5 /* SDWebImageDownloader.h */ = {isa = PBXFileReference; fileEncoding = 4; lastKnownFileType = sourcecode.c.h; path = SDWebImageDownloader.h; sourceTree = "<group>"; };
		D27B66BB183E1550007555F5 /* SDWebImageDownloader.m */ = {isa = PBXFileReference; fileEncoding = 4; lastKnownFileType = sourcecode.c.objc; path = SDWebImageDownloader.m; sourceTree = "<group>"; };
		D27B66BC183E1550007555F5 /* SDWebImageDownloaderDelegate.h */ = {isa = PBXFileReference; fileEncoding = 4; lastKnownFileType = sourcecode.c.h; path = SDWebImageDownloaderDelegate.h; sourceTree = "<group>"; };
		D27B66BD183E1550007555F5 /* SDWebImageManager.h */ = {isa = PBXFileReference; fileEncoding = 4; lastKnownFileType = sourcecode.c.h; path = SDWebImageManager.h; sourceTree = "<group>"; };
		D27B66BE183E1550007555F5 /* SDWebImageManager.m */ = {isa = PBXFileReference; fileEncoding = 4; lastKnownFileType = sourcecode.c.objc; path = SDWebImageManager.m; sourceTree = "<group>"; };
		D27B66BF183E1550007555F5 /* SDWebImageManagerDelegate.h */ = {isa = PBXFileReference; fileEncoding = 4; lastKnownFileType = sourcecode.c.h; path = SDWebImageManagerDelegate.h; sourceTree = "<group>"; };
		D27B66C0183E1550007555F5 /* SDWebImagePrefetcher.h */ = {isa = PBXFileReference; fileEncoding = 4; lastKnownFileType = sourcecode.c.h; path = SDWebImagePrefetcher.h; sourceTree = "<group>"; };
		D27B66C1183E1550007555F5 /* SDWebImagePrefetcher.m */ = {isa = PBXFileReference; fileEncoding = 4; lastKnownFileType = sourcecode.c.objc; path = SDWebImagePrefetcher.m; sourceTree = "<group>"; };
		D27B66C2183E1550007555F5 /* UIButton+WebCache.h */ = {isa = PBXFileReference; fileEncoding = 4; lastKnownFileType = sourcecode.c.h; path = "UIButton+WebCache.h"; sourceTree = "<group>"; };
		D27B66C3183E1550007555F5 /* UIButton+WebCache.m */ = {isa = PBXFileReference; fileEncoding = 4; lastKnownFileType = sourcecode.c.objc; path = "UIButton+WebCache.m"; sourceTree = "<group>"; };
		D27B66C4183E1550007555F5 /* UIImageView+WebCache.h */ = {isa = PBXFileReference; fileEncoding = 4; lastKnownFileType = sourcecode.c.h; path = "UIImageView+WebCache.h"; sourceTree = "<group>"; };
		D27B66C5183E1550007555F5 /* UIImageView+WebCache.m */ = {isa = PBXFileReference; fileEncoding = 4; lastKnownFileType = sourcecode.c.objc; path = "UIImageView+WebCache.m"; sourceTree = "<group>"; };
		D27B66CE183E1562007555F5 /* FMDatabase.h */ = {isa = PBXFileReference; fileEncoding = 4; lastKnownFileType = sourcecode.c.h; path = FMDatabase.h; sourceTree = "<group>"; };
		D27B66CF183E1562007555F5 /* FMDatabase.m */ = {isa = PBXFileReference; fileEncoding = 4; lastKnownFileType = sourcecode.c.objc; path = FMDatabase.m; sourceTree = "<group>"; };
		D27B66D0183E1562007555F5 /* FMDatabaseAdditions.h */ = {isa = PBXFileReference; fileEncoding = 4; lastKnownFileType = sourcecode.c.h; path = FMDatabaseAdditions.h; sourceTree = "<group>"; };
		D27B66D1183E1562007555F5 /* FMDatabaseAdditions.m */ = {isa = PBXFileReference; fileEncoding = 4; lastKnownFileType = sourcecode.c.objc; path = FMDatabaseAdditions.m; sourceTree = "<group>"; };
		D27B66D2183E1562007555F5 /* FMDatabasePool.h */ = {isa = PBXFileReference; fileEncoding = 4; lastKnownFileType = sourcecode.c.h; path = FMDatabasePool.h; sourceTree = "<group>"; };
		D27B66D3183E1562007555F5 /* FMDatabasePool.m */ = {isa = PBXFileReference; fileEncoding = 4; lastKnownFileType = sourcecode.c.objc; path = FMDatabasePool.m; sourceTree = "<group>"; };
		D27B66D4183E1562007555F5 /* FMDatabaseQueue.h */ = {isa = PBXFileReference; fileEncoding = 4; lastKnownFileType = sourcecode.c.h; path = FMDatabaseQueue.h; sourceTree = "<group>"; };
		D27B66D5183E1562007555F5 /* FMDatabaseQueue.m */ = {isa = PBXFileReference; fileEncoding = 4; lastKnownFileType = sourcecode.c.objc; path = FMDatabaseQueue.m; sourceTree = "<group>"; };
		D27B66D6183E1562007555F5 /* FMResultSet.h */ = {isa = PBXFileReference; fileEncoding = 4; lastKnownFileType = sourcecode.c.h; path = FMResultSet.h; sourceTree = "<group>"; };
		D27B66D7183E1562007555F5 /* FMResultSet.m */ = {isa = PBXFileReference; fileEncoding = 4; lastKnownFileType = sourcecode.c.objc; path = FMResultSet.m; sourceTree = "<group>"; };
		D27B66DD183E1574007555F5 /* DDMenuController.h */ = {isa = PBXFileReference; fileEncoding = 4; lastKnownFileType = sourcecode.c.h; path = DDMenuController.h; sourceTree = "<group>"; };
		D27B66DE183E1574007555F5 /* DDMenuController.m */ = {isa = PBXFileReference; fileEncoding = 4; lastKnownFileType = sourcecode.c.objc; path = DDMenuController.m; sourceTree = "<group>"; };
		D27B66E0183E1587007555F5 /* NSString+URLEncoding.h */ = {isa = PBXFileReference; fileEncoding = 4; lastKnownFileType = sourcecode.c.h; path = "NSString+URLEncoding.h"; sourceTree = "<group>"; };
		D27B66E1183E1587007555F5 /* NSString+URLEncoding.m */ = {isa = PBXFileReference; fileEncoding = 4; lastKnownFileType = sourcecode.c.objc; path = "NSString+URLEncoding.m"; sourceTree = "<group>"; };
		D27B66E3183E1590007555F5 /* STBaseViewController.h */ = {isa = PBXFileReference; fileEncoding = 4; lastKnownFileType = sourcecode.c.h; path = STBaseViewController.h; sourceTree = "<group>"; };
		D27B66E4183E1590007555F5 /* STBaseViewController.m */ = {isa = PBXFileReference; fileEncoding = 4; lastKnownFileType = sourcecode.c.objc; path = STBaseViewController.m; sourceTree = "<group>"; };
		D27B66E7183E1614007555F5 /* libsqlite3.0.dylib */ = {isa = PBXFileReference; lastKnownFileType = "compiled.mach-o.dylib"; name = libsqlite3.0.dylib; path = usr/lib/libsqlite3.0.dylib; sourceTree = SDKROOT; };
		D27B66E9183E164D007555F5 /* STHomeViewController.h */ = {isa = PBXFileReference; fileEncoding = 4; lastKnownFileType = sourcecode.c.h; path = STHomeViewController.h; sourceTree = "<group>"; };
		D27B66EA183E164D007555F5 /* STHomeViewController.m */ = {isa = PBXFileReference; fileEncoding = 4; lastKnownFileType = sourcecode.c.objc; path = STHomeViewController.m; sourceTree = "<group>"; };
		D27B66EC183E1797007555F5 /* STLeftViewController.h */ = {isa = PBXFileReference; fileEncoding = 4; lastKnownFileType = sourcecode.c.h; path = STLeftViewController.h; sourceTree = "<group>"; };
		D27B66ED183E1797007555F5 /* STLeftViewController.m */ = {isa = PBXFileReference; fileEncoding = 4; lastKnownFileType = sourcecode.c.objc; path = STLeftViewController.m; sourceTree = "<group>"; };
		D27B66EF183E17A3007555F5 /* STRightViewController.h */ = {isa = PBXFileReference; fileEncoding = 4; lastKnownFileType = sourcecode.c.h; path = STRightViewController.h; sourceTree = "<group>"; };
		D27B66F0183E17A3007555F5 /* STRightViewController.m */ = {isa = PBXFileReference; fileEncoding = 4; lastKnownFileType = sourcecode.c.objc; path = STRightViewController.m; sourceTree = "<group>"; };
		D27B66F7183E1A95007555F5 /* STDataHelper.h */ = {isa = PBXFileReference; fileEncoding = 4; lastKnownFileType = sourcecode.c.h; path = STDataHelper.h; sourceTree = "<group>"; };
		D27B66F8183E1A95007555F5 /* STDataHelper.m */ = {isa = PBXFileReference; fileEncoding = 4; lastKnownFileType = sourcecode.c.objc; path = STDataHelper.m; sourceTree = "<group>"; };
		D27B66FA183E1B03007555F5 /* STDataHelper+Network.h */ = {isa = PBXFileReference; fileEncoding = 4; lastKnownFileType = sourcecode.c.h; path = "STDataHelper+Network.h"; sourceTree = "<group>"; };
		D27B66FB183E1B03007555F5 /* STDataHelper+Network.m */ = {isa = PBXFileReference; fileEncoding = 4; lastKnownFileType = sourcecode.c.objc; path = "STDataHelper+Network.m"; sourceTree = "<group>"; };
		D27B66FD183E1CAF007555F5 /* STDataHelper+Database.h */ = {isa = PBXFileReference; fileEncoding = 4; lastKnownFileType = sourcecode.c.h; path = "STDataHelper+Database.h"; sourceTree = "<group>"; };
		D27B66FE183E1CAF007555F5 /* STDataHelper+Database.m */ = {isa = PBXFileReference; fileEncoding = 4; lastKnownFileType = sourcecode.c.objc; path = "STDataHelper+Database.m"; sourceTree = "<group>"; };
		D27B6701183E1E3D007555F5 /* STModelCategory.h */ = {isa = PBXFileReference; fileEncoding = 4; lastKnownFileType = sourcecode.c.h; path = STModelCategory.h; sourceTree = "<group>"; };
		D27B6702183E1E3D007555F5 /* STModelCategory.m */ = {isa = PBXFileReference; fileEncoding = 4; lastKnownFileType = sourcecode.c.objc; path = STModelCategory.m; sourceTree = "<group>"; };
		D27B6704183E1E56007555F5 /* STModelItem.h */ = {isa = PBXFileReference; fileEncoding = 4; lastKnownFileType = sourcecode.c.h; path = STModelItem.h; sourceTree = "<group>"; };
		D27B6705183E1E56007555F5 /* STModelItem.m */ = {isa = PBXFileReference; fileEncoding = 4; lastKnownFileType = sourcecode.c.objc; path = STModelItem.m; sourceTree = "<group>"; };
/* End PBXFileReference section */

/* Begin PBXFrameworksBuildPhase section */
		D27B6676183E1361007555F5 /* Frameworks */ = {
			isa = PBXFrameworksBuildPhase;
			buildActionMask = 2147483647;
			files = (
				D27B66E8183E1614007555F5 /* libsqlite3.0.dylib in Frameworks */,
				D27B667F183E1361007555F5 /* CoreGraphics.framework in Frameworks */,
				D27B6681183E1361007555F5 /* UIKit.framework in Frameworks */,
				D27B667D183E1361007555F5 /* Foundation.framework in Frameworks */,
			);
			runOnlyForDeploymentPostprocessing = 0;
		};
		D27B6691183E1362007555F5 /* Frameworks */ = {
			isa = PBXFrameworksBuildPhase;
			buildActionMask = 2147483647;
			files = (
				D27B6696183E1362007555F5 /* XCTest.framework in Frameworks */,
				D27B6698183E1362007555F5 /* UIKit.framework in Frameworks */,
				D27B6697183E1362007555F5 /* Foundation.framework in Frameworks */,
			);
			runOnlyForDeploymentPostprocessing = 0;
		};
/* End PBXFrameworksBuildPhase section */

/* Begin PBXGroup section */
		72C5ECD9183E18D80019672A /* Images */ = {
			isa = PBXGroup;
			children = (
				72C5ECDA183E18D80019672A /* 人气.png */,
				72C5ECDB183E18D80019672A /* 价格.png */,
				72C5ECDC183E18D80019672A /* 商品图片.png */,
				72C5ECDD183E18D80019672A /* 商品图片bg.png */,
				72C5ECDE183E18D80019672A /* 商品图片大小.png */,
				72C5ECDF183E18D80019672A /* 商品大小.png */,
				72C5ECE0183E18D80019672A /* 商品大背景框.png */,
				72C5ECE1183E18D80019672A /* 商品详情-bg.png */,
				72C5ECE2183E18D80019672A /* 商品详情1_02.png */,
				72C5ECE3183E18D80019672A /* 商品详情1_03.png */,
				72C5ECE4183E18D80019672A /* 商品详情_03 (2).png */,
				72C5ECE5183E18D80019672A /* 商品详情_03 (3).png */,
				72C5ECE6183E18D80019672A /* 商品详情_03.png */,
				72C5ECE7183E18D80019672A /* 商品详情_03_03.png */,
				72C5ECE8183E18D80019672A /* 商品详情_06.png */,
				72C5ECE9183E18D80019672A /* 商品详情_14.png */,
				72C5ECEA183E18D80019672A /* 商品详情_17.png */,
				72C5ECEB183E18D80019672A /* 商品详情_21.png */,
				72C5ECEC183E18D80019672A /* 商品详情_23.png */,
				72C5ECED183E18D80019672A /* 图片大小.png */,
				72C5ECEE183E18D80019672A /* 图片背景大小.png */,
				72C5ECEF183E18D80019672A /* 左滑-背景.png */,
				72C5ECF0183E18D80019672A /* 左滑_02.png */,
				72C5ECF1183E18D80019672A /* 左滑_03.png */,
				72C5ECF2183E18D80019672A /* 左滑_06.png */,
				72C5ECF3183E18D80019672A /* 左滑_09.png */,
				72C5ECF4183E18D80019672A /* 左滑_11.png */,
				72C5ECF5183E18D80019672A /* 左滑_13.png */,
				72C5ECF6183E18D80019672A /* 左滑_16.png */,
				72C5ECF7183E18D80019672A /* 我喜欢的-背景.png */,
				72C5ECF8183E18D80019672A /* 我喜欢的_03.png */,
				72C5ECF9183E18D80019672A /* 我喜欢的_10.png */,
				72C5ECFA183E18D80019672A /* 搜索1_07.png */,
				72C5ECFB183E18D80019672A /* 搜索2_07.png */,
				72C5ECFC183E18D80019672A /* 搜索3_08.png */,
				72C5ECFD183E18D80019672A /* 搜索_03.png */,
				72C5ECFE183E18D80019672A /* 搜索_10.png */,
				72C5ECFF183E18D80019672A /* 相关.png */,
				72C5ED00183E18D80019672A /* 购物车2_02.png */,
				72C5ED01183E18D80019672A /* 购物车_03.png */,
				72C5ED02183E18D80019672A /* 购物车_06.png */,
				72C5ED03183E18D80019672A /* 购物车_14.png */,
				72C5ED04183E18D80019672A /* 购物车_18.png */,
				72C5ED05183E18D80019672A /* 购物车_22.png */,
				72C5ED06183E18D80019672A /* 购物车bg.png */,
				72C5ED07183E18D80019672A /* 运动鞋1_46.png */,
				72C5ED08183E18D80019672A /* 运动鞋2_02.png */,
				72C5ED09183E18D80019672A /* 运动鞋2_05.png */,
				72C5ED0A183E18D80019672A /* 运动鞋2_07.png */,
				72C5ED0B183E18D80019672A /* 运动鞋2_09.png */,
				72C5ED0C183E18D80019672A /* 运动鞋2_11.png */,
				72C5ED0D183E18D80019672A /* 运动鞋2_14.png */,
				72C5ED0E183E18D80019672A /* 运动鞋2_17.png */,
				72C5ED0F183E18D80019672A /* 运动鞋2_20.png */,
				72C5ED10183E18D80019672A /* 运动鞋2_23.png */,
				72C5ED11183E18D80019672A /* 运动鞋_03.png */,
				72C5ED12183E18D80019672A /* 运动鞋_06.png */,
				72C5ED13183E18D80019672A /* 运动鞋_11.png */,
				72C5ED14183E18D80019672A /* 运动鞋_13.png */,
				72C5ED15183E18D80019672A /* 运动鞋_15.png */,
				72C5ED16183E18D80019672A /* 运动鞋_17.png */,
				72C5ED17183E18D80019672A /* 运动鞋_20.png */,
				72C5ED18183E18D80019672A /* 运动鞋_23.png */,
				72C5ED19183E18D80019672A /* 运动鞋_26.png */,
				72C5ED1A183E18D80019672A /* 运动鞋_29.png */,
				72C5ED1B183E18D80019672A /* 运动鞋_42.png */,
				72C5ED1C183E18D80019672A /* 运动鞋_52.png */,
				72C5ED1D183E18D80019672A /* 销量.png */,
				72C5ED1E183E18D80019672A /* 首页-bg.png */,
				72C5ED1F183E18D80019672A /* 首页1_03.png */,
				72C5ED20183E18D80019672A /* 首页1_06.png */,
				72C5ED21183E18D80019672A /* 首页1_08.png */,
				72C5ED22183E18D80019672A /* 首页1_10.png */,
				72C5ED23183E18D80019672A /* 首页_03.png */,
				72C5ED24183E18D80019672A /* 首页_07.png */,
				72C5ED25183E18D80019672A /* 首页_10.png */,
				72C5ED26183E18D80019672A /* 首页_12.png */,
				72C5ED27183E18D80019672A /* 首页_14.png */,
			);
			path = Images;
			sourceTree = "<group>";
		};
		D27B6670183E1361007555F5 = {
			isa = PBXGroup;
			children = (
				D27B6682183E1361007555F5 /* SportsShopping */,
				D27B669B183E1362007555F5 /* SportsShoppingTests */,
				D27B667B183E1361007555F5 /* Frameworks */,
				D27B667A183E1361007555F5 /* Products */,
			);
			sourceTree = "<group>";
		};
		D27B667A183E1361007555F5 /* Products */ = {
			isa = PBXGroup;
			children = (
				D27B6679183E1361007555F5 /* SportsShopping.app */,
				D27B6694183E1362007555F5 /* SportsShoppingTests.xctest */,
			);
			name = Products;
			sourceTree = "<group>";
		};
		D27B667B183E1361007555F5 /* Frameworks */ = {
			isa = PBXGroup;
			children = (
				D27B66E7183E1614007555F5 /* libsqlite3.0.dylib */,
				D27B667C183E1361007555F5 /* Foundation.framework */,
				D27B667E183E1361007555F5 /* CoreGraphics.framework */,
				D27B6680183E1361007555F5 /* UIKit.framework */,
				D27B6695183E1362007555F5 /* XCTest.framework */,
			);
			name = Frameworks;
			sourceTree = "<group>";
		};
		D27B6682183E1361007555F5 /* SportsShopping */ = {
			isa = PBXGroup;
			children = (
				72C5ECD9183E18D80019672A /* Images */,
				D27B668B183E1361007555F5 /* STAppDelegate.h */,
				D27B668C183E1361007555F5 /* STAppDelegate.m */,
				72C5ED79183E1E430019672A /* STLeftCell.h */,
				72C5ED7A183E1E430019672A /* STLeftCell.m */,
				D27B66EC183E1797007555F5 /* STLeftViewController.h */,
				D27B66ED183E1797007555F5 /* STLeftViewController.m */,
				D27B66EF183E17A3007555F5 /* STRightViewController.h */,
				D27B66F0183E17A3007555F5 /* STRightViewController.m */,
				D254BC9C183E25B100C61DB7 /* sqlite.db */,
				D27B6700183E1E2C007555F5 /* Model */,
				D27B66F6183E1A7E007555F5 /* DataHelper */,
				D27B66E6183E1597007555F5 /* OpenSource */,
				D27B66AC183E1505007555F5 /* Base */,
				D27B66AB183E14F9007555F5 /* Home */,
				D27B668E183E1362007555F5 /* Images.xcassets */,
				D27B6683183E1361007555F5 /* Supporting Files */,
			);
			path = SportsShopping;
			sourceTree = "<group>";
		};
		D27B6683183E1361007555F5 /* Supporting Files */ = {
			isa = PBXGroup;
			children = (
				D27B6684183E1361007555F5 /* SportsShopping-Info.plist */,
				D27B6685183E1361007555F5 /* InfoPlist.strings */,
				D27B6688183E1361007555F5 /* main.m */,
				D27B668A183E1361007555F5 /* SportsShopping-Prefix.pch */,
			);
			name = "Supporting Files";
			sourceTree = "<group>";
		};
		D27B669B183E1362007555F5 /* SportsShoppingTests */ = {
			isa = PBXGroup;
			children = (
				D27B66A1183E1362007555F5 /* SportsShoppingTests.m */,
				D27B669C183E1362007555F5 /* Supporting Files */,
			);
			path = SportsShoppingTests;
			sourceTree = "<group>";
		};
		D27B669C183E1362007555F5 /* Supporting Files */ = {
			isa = PBXGroup;
			children = (
				D27B669D183E1362007555F5 /* SportsShoppingTests-Info.plist */,
				D27B669E183E1362007555F5 /* InfoPlist.strings */,
			);
			name = "Supporting Files";
			sourceTree = "<group>";
		};
		D27B66AB183E14F9007555F5 /* Home */ = {
			isa = PBXGroup;
			children = (
				D27B66E9183E164D007555F5 /* STHomeViewController.h */,
				D27B66EA183E164D007555F5 /* STHomeViewController.m */,
			);
			name = Home;
			sourceTree = "<group>";
		};
		D27B66AC183E1505007555F5 /* Base */ = {
			isa = PBXGroup;
			children = (
				D27B66E3183E1590007555F5 /* STBaseViewController.h */,
				D27B66E4183E1590007555F5 /* STBaseViewController.m */,
			);
			name = Base;
			sourceTree = "<group>";
		};
		D27B66B3183E1550007555F5 /* SDWebImage */ = {
			isa = PBXGroup;
			children = (
				D27B66B4183E1550007555F5 /* SDImageCache.h */,
				D27B66B5183E1550007555F5 /* SDImageCache.m */,
				D27B66B6183E1550007555F5 /* SDImageCacheDelegate.h */,
				D27B66B7183E1550007555F5 /* SDWebImageCompat.h */,
				D27B66B8183E1550007555F5 /* SDWebImageDecoder.h */,
				D27B66B9183E1550007555F5 /* SDWebImageDecoder.m */,
				D27B66BA183E1550007555F5 /* SDWebImageDownloader.h */,
				D27B66BB183E1550007555F5 /* SDWebImageDownloader.m */,
				D27B66BC183E1550007555F5 /* SDWebImageDownloaderDelegate.h */,
				D27B66BD183E1550007555F5 /* SDWebImageManager.h */,
				D27B66BE183E1550007555F5 /* SDWebImageManager.m */,
				D27B66BF183E1550007555F5 /* SDWebImageManagerDelegate.h */,
				D27B66C0183E1550007555F5 /* SDWebImagePrefetcher.h */,
				D27B66C1183E1550007555F5 /* SDWebImagePrefetcher.m */,
				D27B66C2183E1550007555F5 /* UIButton+WebCache.h */,
				D27B66C3183E1550007555F5 /* UIButton+WebCache.m */,
				D27B66C4183E1550007555F5 /* UIImageView+WebCache.h */,
				D27B66C5183E1550007555F5 /* UIImageView+WebCache.m */,
			);
			path = SDWebImage;
			sourceTree = "<group>";
		};
		D27B66CD183E1562007555F5 /* FMDB */ = {
			isa = PBXGroup;
			children = (
				D27B66CE183E1562007555F5 /* FMDatabase.h */,
				D27B66CF183E1562007555F5 /* FMDatabase.m */,
				D27B66D0183E1562007555F5 /* FMDatabaseAdditions.h */,
				D27B66D1183E1562007555F5 /* FMDatabaseAdditions.m */,
				D27B66D2183E1562007555F5 /* FMDatabasePool.h */,
				D27B66D3183E1562007555F5 /* FMDatabasePool.m */,
				D27B66D4183E1562007555F5 /* FMDatabaseQueue.h */,
				D27B66D5183E1562007555F5 /* FMDatabaseQueue.m */,
				D27B66D6183E1562007555F5 /* FMResultSet.h */,
				D27B66D7183E1562007555F5 /* FMResultSet.m */,
			);
			path = FMDB;
			sourceTree = "<group>";
		};
		D27B66E6183E1597007555F5 /* OpenSource */ = {
			isa = PBXGroup;
			children = (
				D27B66CD183E1562007555F5 /* FMDB */,
				D27B66B3183E1550007555F5 /* SDWebImage */,
				D27B66AD183E1542007555F5 /* STBlockButton.h */,
				D27B66AE183E1542007555F5 /* STBlockButton.m */,
				D27B66AF183E1542007555F5 /* UIView+Position.h */,
				D27B66B0183E1542007555F5 /* UIView+Position.m */,
				D27B66E0183E1587007555F5 /* NSString+URLEncoding.h */,
				D27B66E1183E1587007555F5 /* NSString+URLEncoding.m */,
				D27B66DD183E1574007555F5 /* DDMenuController.h */,
				D27B66DE183E1574007555F5 /* DDMenuController.m */,
			);
			name = OpenSource;
			sourceTree = "<group>";
		};
		D27B66F6183E1A7E007555F5 /* DataHelper */ = {
			isa = PBXGroup;
			children = (
				D27B66F7183E1A95007555F5 /* STDataHelper.h */,
				D27B66F8183E1A95007555F5 /* STDataHelper.m */,
				D27B66FA183E1B03007555F5 /* STDataHelper+Network.h */,
				D27B66FB183E1B03007555F5 /* STDataHelper+Network.m */,
				D27B66FD183E1CAF007555F5 /* STDataHelper+Database.h */,
				D27B66FE183E1CAF007555F5 /* STDataHelper+Database.m */,
			);
			name = DataHelper;
			sourceTree = "<group>";
		};
		D27B6700183E1E2C007555F5 /* Model */ = {
			isa = PBXGroup;
			children = (
				D27B6701183E1E3D007555F5 /* STModelCategory.h */,
				D27B6702183E1E3D007555F5 /* STModelCategory.m */,
				D27B6704183E1E56007555F5 /* STModelItem.h */,
				D27B6705183E1E56007555F5 /* STModelItem.m */,
			);
			name = Model;
			sourceTree = "<group>";
		};
/* End PBXGroup section */

/* Begin PBXNativeTarget section */
		D27B6678183E1361007555F5 /* SportsShopping */ = {
			isa = PBXNativeTarget;
			buildConfigurationList = D27B66A5183E1362007555F5 /* Build configuration list for PBXNativeTarget "SportsShopping" */;
			buildPhases = (
				D27B6675183E1361007555F5 /* Sources */,
				D27B6676183E1361007555F5 /* Frameworks */,
				D27B6677183E1361007555F5 /* Resources */,
			);
			buildRules = (
			);
			dependencies = (
			);
			name = SportsShopping;
			productName = SportsShopping;
			productReference = D27B6679183E1361007555F5 /* SportsShopping.app */;
			productType = "com.apple.product-type.application";
		};
		D27B6693183E1362007555F5 /* SportsShoppingTests */ = {
			isa = PBXNativeTarget;
			buildConfigurationList = D27B66A8183E1362007555F5 /* Build configuration list for PBXNativeTarget "SportsShoppingTests" */;
			buildPhases = (
				D27B6690183E1362007555F5 /* Sources */,
				D27B6691183E1362007555F5 /* Frameworks */,
				D27B6692183E1362007555F5 /* Resources */,
			);
			buildRules = (
			);
			dependencies = (
				D27B669A183E1362007555F5 /* PBXTargetDependency */,
			);
			name = SportsShoppingTests;
			productName = SportsShoppingTests;
			productReference = D27B6694183E1362007555F5 /* SportsShoppingTests.xctest */;
			productType = "com.apple.product-type.bundle.unit-test";
		};
/* End PBXNativeTarget section */

/* Begin PBXProject section */
		D27B6671183E1361007555F5 /* Project object */ = {
			isa = PBXProject;
			attributes = {
				CLASSPREFIX = ST;
				LastUpgradeCheck = 0500;
				ORGANIZATIONNAME = scott;
				TargetAttributes = {
					D27B6693183E1362007555F5 = {
						TestTargetID = D27B6678183E1361007555F5;
					};
				};
			};
			buildConfigurationList = D27B6674183E1361007555F5 /* Build configuration list for PBXProject "SportsShopping" */;
			compatibilityVersion = "Xcode 3.2";
			developmentRegion = English;
			hasScannedForEncodings = 0;
			knownRegions = (
				en,
			);
			mainGroup = D27B6670183E1361007555F5;
			productRefGroup = D27B667A183E1361007555F5 /* Products */;
			projectDirPath = "";
			projectRoot = "";
			targets = (
				D27B6678183E1361007555F5 /* SportsShopping */,
				D27B6693183E1362007555F5 /* SportsShoppingTests */,
			);
		};
/* End PBXProject section */

/* Begin PBXResourcesBuildPhase section */
		D27B6677183E1361007555F5 /* Resources */ = {
			isa = PBXResourcesBuildPhase;
			buildActionMask = 2147483647;
			files = (
				72C5ED2D183E18D80019672A /* 商品大小.png in Resources */,
				72C5ED65183E18D80019672A /* 运动鞋_20.png in Resources */,
				72C5ED58183E18D80019672A /* 运动鞋2_07.png in Resources */,
				72C5ED2C183E18D80019672A /* 商品图片大小.png in Resources */,
				72C5ED3B183E18D80019672A /* 图片大小.png in Resources */,
				72C5ED73183E18D80019672A /* 首页_10.png in Resources */,
				72C5ED40183E18D80019672A /* 左滑_06.png in Resources */,
				72C5ED3D183E18D80019672A /* 左滑-背景.png in Resources */,
				72C5ED34183E18D80019672A /* 商品详情_03.png in Resources */,
				72C5ED5B183E18D80019672A /* 运动鞋2_14.png in Resources */,
				72C5ED5F183E18D80019672A /* 运动鞋_03.png in Resources */,
				72C5ED4C183E18D80019672A /* 搜索_10.png in Resources */,
				72C5ED2F183E18D80019672A /* 商品详情-bg.png in Resources */,
				72C5ED41183E18D80019672A /* 左滑_09.png in Resources */,
				72C5ED74183E18D80019672A /* 首页_12.png in Resources */,
				72C5ED4E183E18D80019672A /* 购物车2_02.png in Resources */,
				72C5ED42183E18D80019672A /* 左滑_11.png in Resources */,
				72C5ED67183E18D80019672A /* 运动鞋_26.png in Resources */,
				72C5ED5C183E18D80019672A /* 运动鞋2_17.png in Resources */,
				72C5ED3C183E18D80019672A /* 图片背景大小.png in Resources */,
				72C5ED2E183E18D80019672A /* 商品大背景框.png in Resources */,
				72C5ED31183E18D80019672A /* 商品详情1_03.png in Resources */,
				72C5ED56183E18D80019672A /* 运动鞋2_02.png in Resources */,
				72C5ED69183E18D80019672A /* 运动鞋_42.png in Resources */,
				72C5ED43183E18D80019672A /* 左滑_13.png in Resources */,
				72C5ED29183E18D80019672A /* 价格.png in Resources */,
				72C5ED35183E18D80019672A /* 商品详情_03_03.png in Resources */,
				72C5ED37183E18D80019672A /* 商品详情_14.png in Resources */,
				72C5ED4B183E18D80019672A /* 搜索_03.png in Resources */,
				72C5ED32183E18D80019672A /* 商品详情_03 (2).png in Resources */,
				72C5ED39183E18D80019672A /* 商品详情_21.png in Resources */,
				72C5ED5A183E18D80019672A /* 运动鞋2_11.png in Resources */,
				72C5ED6F183E18D80019672A /* 首页1_08.png in Resources */,
				72C5ED4D183E18D80019672A /* 相关.png in Resources */,
				72C5ED2A183E18D80019672A /* 商品图片.png in Resources */,
				72C5ED44183E18D80019672A /* 左滑_16.png in Resources */,
				72C5ED50183E18D80019672A /* 购物车_06.png in Resources */,
				72C5ED54183E18D80019672A /* 购物车bg.png in Resources */,
				72C5ED33183E18D80019672A /* 商品详情_03 (3).png in Resources */,
				72C5ED47183E18D80019672A /* 我喜欢的_10.png in Resources */,
				72C5ED72183E18D80019672A /* 首页_07.png in Resources */,
				72C5ED48183E18D80019672A /* 搜索1_07.png in Resources */,
				72C5ED2B183E18D80019672A /* 商品图片bg.png in Resources */,
				72C5ED75183E18D80019672A /* 首页_14.png in Resources */,
				72C5ED51183E18D80019672A /* 购物车_14.png in Resources */,
				72C5ED4A183E18D80019672A /* 搜索3_08.png in Resources */,
				72C5ED28183E18D80019672A /* 人气.png in Resources */,
				72C5ED63183E18D80019672A /* 运动鞋_15.png in Resources */,
				72C5ED53183E18D80019672A /* 购物车_22.png in Resources */,
				72C5ED71183E18D80019672A /* 首页_03.png in Resources */,
				72C5ED36183E18D80019672A /* 商品详情_06.png in Resources */,
				72C5ED38183E18D80019672A /* 商品详情_17.png in Resources */,
				72C5ED57183E18D80019672A /* 运动鞋2_05.png in Resources */,
				72C5ED60183E18D80019672A /* 运动鞋_06.png in Resources */,
				72C5ED59183E18D80019672A /* 运动鞋2_09.png in Resources */,
				72C5ED5E183E18D80019672A /* 运动鞋2_23.png in Resources */,
				72C5ED46183E18D80019672A /* 我喜欢的_03.png in Resources */,
				72C5ED62183E18D80019672A /* 运动鞋_13.png in Resources */,
				72C5ED6E183E18D80019672A /* 首页1_06.png in Resources */,
				72C5ED6A183E18D80019672A /* 运动鞋_52.png in Resources */,
				72C5ED45183E18D80019672A /* 我喜欢的-背景.png in Resources */,
				72C5ED3A183E18D80019672A /* 商品详情_23.png in Resources */,
				72C5ED61183E18D80019672A /* 运动鞋_11.png in Resources */,
				72C5ED3F183E18D80019672A /* 左滑_03.png in Resources */,
				72C5ED70183E18D80019672A /* 首页1_10.png in Resources */,
				72C5ED66183E18D80019672A /* 运动鞋_23.png in Resources */,
				72C5ED49183E18D80019672A /* 搜索2_07.png in Resources */,
				D27B6687183E1361007555F5 /* InfoPlist.strings in Resources */,
<<<<<<< HEAD
				D27B66F5183E1A66007555F5 /* sqlite.db in Resources */,
=======
>>>>>>> 058312259b34a4a85da8cf44f0abdf95fb46b045
				72C5ED6B183E18D80019672A /* 销量.png in Resources */,
				72C5ED64183E18D80019672A /* 运动鞋_17.png in Resources */,
				D27B668F183E1362007555F5 /* Images.xcassets in Resources */,
				72C5ED55183E18D80019672A /* 运动鞋1_46.png in Resources */,
				72C5ED52183E18D80019672A /* 购物车_18.png in Resources */,
				D254BC9D183E25B100C61DB7 /* sqlite.db in Resources */,
				72C5ED5D183E18D80019672A /* 运动鞋2_20.png in Resources */,
				72C5ED4F183E18D80019672A /* 购物车_03.png in Resources */,
				72C5ED6D183E18D80019672A /* 首页1_03.png in Resources */,
				72C5ED6C183E18D80019672A /* 首页-bg.png in Resources */,
				72C5ED30183E18D80019672A /* 商品详情1_02.png in Resources */,
				72C5ED3E183E18D80019672A /* 左滑_02.png in Resources */,
				72C5ED68183E18D80019672A /* 运动鞋_29.png in Resources */,
			);
			runOnlyForDeploymentPostprocessing = 0;
		};
		D27B6692183E1362007555F5 /* Resources */ = {
			isa = PBXResourcesBuildPhase;
			buildActionMask = 2147483647;
			files = (
				D27B66A0183E1362007555F5 /* InfoPlist.strings in Resources */,
			);
			runOnlyForDeploymentPostprocessing = 0;
		};
/* End PBXResourcesBuildPhase section */

/* Begin PBXSourcesBuildPhase section */
		D27B6675183E1361007555F5 /* Sources */ = {
			isa = PBXSourcesBuildPhase;
			buildActionMask = 2147483647;
			files = (
				D27B66E2183E1587007555F5 /* NSString+URLEncoding.m in Sources */,
				D27B66CC183E1550007555F5 /* UIImageView+WebCache.m in Sources */,
				D27B66FF183E1CAF007555F5 /* STDataHelper+Database.m in Sources */,
				D27B66F1183E17A3007555F5 /* STRightViewController.m in Sources */,
				D27B66CA183E1550007555F5 /* SDWebImagePrefetcher.m in Sources */,
				D27B6689183E1361007555F5 /* main.m in Sources */,
				72C5ED7B183E1E430019672A /* STLeftCell.m in Sources */,
				D27B66D8183E1562007555F5 /* FMDatabase.m in Sources */,
				D27B66C9183E1550007555F5 /* SDWebImageManager.m in Sources */,
				D27B66DB183E1562007555F5 /* FMDatabaseQueue.m in Sources */,
				D27B66DC183E1562007555F5 /* FMResultSet.m in Sources */,
				D27B66EB183E164D007555F5 /* STHomeViewController.m in Sources */,
				D27B66F9183E1A95007555F5 /* STDataHelper.m in Sources */,
				D27B66B2183E1542007555F5 /* UIView+Position.m in Sources */,
				D27B668D183E1361007555F5 /* STAppDelegate.m in Sources */,
				D27B66B1183E1542007555F5 /* STBlockButton.m in Sources */,
				D27B66D9183E1562007555F5 /* FMDatabaseAdditions.m in Sources */,
				D27B66E5183E1590007555F5 /* STBaseViewController.m in Sources */,
				D27B66C7183E1550007555F5 /* SDWebImageDecoder.m in Sources */,
				D27B66DF183E1574007555F5 /* DDMenuController.m in Sources */,
				D27B66EE183E1797007555F5 /* STLeftViewController.m in Sources */,
				D27B66CB183E1550007555F5 /* UIButton+WebCache.m in Sources */,
				D27B66DA183E1562007555F5 /* FMDatabasePool.m in Sources */,
				D27B66C8183E1550007555F5 /* SDWebImageDownloader.m in Sources */,
				D27B66C6183E1550007555F5 /* SDImageCache.m in Sources */,
				D27B6703183E1E3D007555F5 /* STModelCategory.m in Sources */,
				D27B6706183E1E56007555F5 /* STModelItem.m in Sources */,
				D27B66FC183E1B03007555F5 /* STDataHelper+Network.m in Sources */,
			);
			runOnlyForDeploymentPostprocessing = 0;
		};
		D27B6690183E1362007555F5 /* Sources */ = {
			isa = PBXSourcesBuildPhase;
			buildActionMask = 2147483647;
			files = (
				D27B66A2183E1362007555F5 /* SportsShoppingTests.m in Sources */,
			);
			runOnlyForDeploymentPostprocessing = 0;
		};
/* End PBXSourcesBuildPhase section */

/* Begin PBXTargetDependency section */
		D27B669A183E1362007555F5 /* PBXTargetDependency */ = {
			isa = PBXTargetDependency;
			target = D27B6678183E1361007555F5 /* SportsShopping */;
			targetProxy = D27B6699183E1362007555F5 /* PBXContainerItemProxy */;
		};
/* End PBXTargetDependency section */

/* Begin PBXVariantGroup section */
		D27B6685183E1361007555F5 /* InfoPlist.strings */ = {
			isa = PBXVariantGroup;
			children = (
				D27B6686183E1361007555F5 /* en */,
			);
			name = InfoPlist.strings;
			sourceTree = "<group>";
		};
		D27B669E183E1362007555F5 /* InfoPlist.strings */ = {
			isa = PBXVariantGroup;
			children = (
				D27B669F183E1362007555F5 /* en */,
			);
			name = InfoPlist.strings;
			sourceTree = "<group>";
		};
/* End PBXVariantGroup section */

/* Begin XCBuildConfiguration section */
		D27B66A3183E1362007555F5 /* Debug */ = {
			isa = XCBuildConfiguration;
			buildSettings = {
				ALWAYS_SEARCH_USER_PATHS = NO;
				ARCHS = "$(ARCHS_STANDARD_INCLUDING_64_BIT)";
				CLANG_CXX_LANGUAGE_STANDARD = "gnu++0x";
				CLANG_CXX_LIBRARY = "libc++";
				CLANG_ENABLE_MODULES = YES;
				CLANG_ENABLE_OBJC_ARC = YES;
				CLANG_WARN_BOOL_CONVERSION = YES;
				CLANG_WARN_CONSTANT_CONVERSION = YES;
				CLANG_WARN_DIRECT_OBJC_ISA_USAGE = YES_ERROR;
				CLANG_WARN_EMPTY_BODY = YES;
				CLANG_WARN_ENUM_CONVERSION = YES;
				CLANG_WARN_INT_CONVERSION = YES;
				CLANG_WARN_OBJC_ROOT_CLASS = YES_ERROR;
				CLANG_WARN__DUPLICATE_METHOD_MATCH = YES;
				"CODE_SIGN_IDENTITY[sdk=iphoneos*]" = "iPhone Developer";
				COPY_PHASE_STRIP = NO;
				GCC_C_LANGUAGE_STANDARD = gnu99;
				GCC_DYNAMIC_NO_PIC = NO;
				GCC_OPTIMIZATION_LEVEL = 0;
				GCC_PREPROCESSOR_DEFINITIONS = (
					"DEBUG=1",
					"$(inherited)",
				);
				GCC_SYMBOLS_PRIVATE_EXTERN = NO;
				GCC_WARN_64_TO_32_BIT_CONVERSION = YES;
				GCC_WARN_ABOUT_RETURN_TYPE = YES_ERROR;
				GCC_WARN_UNDECLARED_SELECTOR = YES;
				GCC_WARN_UNINITIALIZED_AUTOS = YES;
				GCC_WARN_UNUSED_FUNCTION = YES;
				GCC_WARN_UNUSED_VARIABLE = YES;
				IPHONEOS_DEPLOYMENT_TARGET = 7.0;
				ONLY_ACTIVE_ARCH = YES;
				SDKROOT = iphoneos;
			};
			name = Debug;
		};
		D27B66A4183E1362007555F5 /* Release */ = {
			isa = XCBuildConfiguration;
			buildSettings = {
				ALWAYS_SEARCH_USER_PATHS = NO;
				ARCHS = "$(ARCHS_STANDARD_INCLUDING_64_BIT)";
				CLANG_CXX_LANGUAGE_STANDARD = "gnu++0x";
				CLANG_CXX_LIBRARY = "libc++";
				CLANG_ENABLE_MODULES = YES;
				CLANG_ENABLE_OBJC_ARC = YES;
				CLANG_WARN_BOOL_CONVERSION = YES;
				CLANG_WARN_CONSTANT_CONVERSION = YES;
				CLANG_WARN_DIRECT_OBJC_ISA_USAGE = YES_ERROR;
				CLANG_WARN_EMPTY_BODY = YES;
				CLANG_WARN_ENUM_CONVERSION = YES;
				CLANG_WARN_INT_CONVERSION = YES;
				CLANG_WARN_OBJC_ROOT_CLASS = YES_ERROR;
				CLANG_WARN__DUPLICATE_METHOD_MATCH = YES;
				"CODE_SIGN_IDENTITY[sdk=iphoneos*]" = "iPhone Developer";
				COPY_PHASE_STRIP = YES;
				ENABLE_NS_ASSERTIONS = NO;
				GCC_C_LANGUAGE_STANDARD = gnu99;
				GCC_WARN_64_TO_32_BIT_CONVERSION = YES;
				GCC_WARN_ABOUT_RETURN_TYPE = YES_ERROR;
				GCC_WARN_UNDECLARED_SELECTOR = YES;
				GCC_WARN_UNINITIALIZED_AUTOS = YES;
				GCC_WARN_UNUSED_FUNCTION = YES;
				GCC_WARN_UNUSED_VARIABLE = YES;
				IPHONEOS_DEPLOYMENT_TARGET = 7.0;
				SDKROOT = iphoneos;
				VALIDATE_PRODUCT = YES;
			};
			name = Release;
		};
		D27B66A6183E1362007555F5 /* Debug */ = {
			isa = XCBuildConfiguration;
			buildSettings = {
				ASSETCATALOG_COMPILER_APPICON_NAME = AppIcon;
				ASSETCATALOG_COMPILER_LAUNCHIMAGE_NAME = LaunchImage;
				GCC_PRECOMPILE_PREFIX_HEADER = YES;
				GCC_PREFIX_HEADER = "SportsShopping/SportsShopping-Prefix.pch";
				INFOPLIST_FILE = "SportsShopping/SportsShopping-Info.plist";
				PRODUCT_NAME = "$(TARGET_NAME)";
				WRAPPER_EXTENSION = app;
			};
			name = Debug;
		};
		D27B66A7183E1362007555F5 /* Release */ = {
			isa = XCBuildConfiguration;
			buildSettings = {
				ASSETCATALOG_COMPILER_APPICON_NAME = AppIcon;
				ASSETCATALOG_COMPILER_LAUNCHIMAGE_NAME = LaunchImage;
				GCC_PRECOMPILE_PREFIX_HEADER = YES;
				GCC_PREFIX_HEADER = "SportsShopping/SportsShopping-Prefix.pch";
				INFOPLIST_FILE = "SportsShopping/SportsShopping-Info.plist";
				PRODUCT_NAME = "$(TARGET_NAME)";
				WRAPPER_EXTENSION = app;
			};
			name = Release;
		};
		D27B66A9183E1362007555F5 /* Debug */ = {
			isa = XCBuildConfiguration;
			buildSettings = {
				ARCHS = "$(ARCHS_STANDARD_INCLUDING_64_BIT)";
				BUNDLE_LOADER = "$(BUILT_PRODUCTS_DIR)/SportsShopping.app/SportsShopping";
				FRAMEWORK_SEARCH_PATHS = (
					"$(SDKROOT)/Developer/Library/Frameworks",
					"$(inherited)",
					"$(DEVELOPER_FRAMEWORKS_DIR)",
				);
				GCC_PRECOMPILE_PREFIX_HEADER = YES;
				GCC_PREFIX_HEADER = "SportsShopping/SportsShopping-Prefix.pch";
				GCC_PREPROCESSOR_DEFINITIONS = (
					"DEBUG=1",
					"$(inherited)",
				);
				INFOPLIST_FILE = "SportsShoppingTests/SportsShoppingTests-Info.plist";
				PRODUCT_NAME = "$(TARGET_NAME)";
				TEST_HOST = "$(BUNDLE_LOADER)";
				WRAPPER_EXTENSION = xctest;
			};
			name = Debug;
		};
		D27B66AA183E1362007555F5 /* Release */ = {
			isa = XCBuildConfiguration;
			buildSettings = {
				ARCHS = "$(ARCHS_STANDARD_INCLUDING_64_BIT)";
				BUNDLE_LOADER = "$(BUILT_PRODUCTS_DIR)/SportsShopping.app/SportsShopping";
				FRAMEWORK_SEARCH_PATHS = (
					"$(SDKROOT)/Developer/Library/Frameworks",
					"$(inherited)",
					"$(DEVELOPER_FRAMEWORKS_DIR)",
				);
				GCC_PRECOMPILE_PREFIX_HEADER = YES;
				GCC_PREFIX_HEADER = "SportsShopping/SportsShopping-Prefix.pch";
				INFOPLIST_FILE = "SportsShoppingTests/SportsShoppingTests-Info.plist";
				PRODUCT_NAME = "$(TARGET_NAME)";
				TEST_HOST = "$(BUNDLE_LOADER)";
				WRAPPER_EXTENSION = xctest;
			};
			name = Release;
		};
/* End XCBuildConfiguration section */

/* Begin XCConfigurationList section */
		D27B6674183E1361007555F5 /* Build configuration list for PBXProject "SportsShopping" */ = {
			isa = XCConfigurationList;
			buildConfigurations = (
				D27B66A3183E1362007555F5 /* Debug */,
				D27B66A4183E1362007555F5 /* Release */,
			);
			defaultConfigurationIsVisible = 0;
			defaultConfigurationName = Release;
		};
		D27B66A5183E1362007555F5 /* Build configuration list for PBXNativeTarget "SportsShopping" */ = {
			isa = XCConfigurationList;
			buildConfigurations = (
				D27B66A6183E1362007555F5 /* Debug */,
				D27B66A7183E1362007555F5 /* Release */,
			);
			defaultConfigurationIsVisible = 0;
			defaultConfigurationName = Release;
		};
		D27B66A8183E1362007555F5 /* Build configuration list for PBXNativeTarget "SportsShoppingTests" */ = {
			isa = XCConfigurationList;
			buildConfigurations = (
				D27B66A9183E1362007555F5 /* Debug */,
				D27B66AA183E1362007555F5 /* Release */,
			);
			defaultConfigurationIsVisible = 0;
			defaultConfigurationName = Release;
		};
/* End XCConfigurationList section */
	};
	rootObject = D27B6671183E1361007555F5 /* Project object */;
}
