// !$*UTF8*$!
{
	archiveVersion = 1;
	classes = {
	};
	objectVersion = 46;
	objects = {

/* Begin PBXBuildFile section */
		D27B667D183E1361007555F5 /* Foundation.framework in Frameworks */ = {isa = PBXBuildFile; fileRef = D27B667C183E1361007555F5 /* Foundation.framework */; };
		D27B667F183E1361007555F5 /* CoreGraphics.framework in Frameworks */ = {isa = PBXBuildFile; fileRef = D27B667E183E1361007555F5 /* CoreGraphics.framework */; };
		D27B6681183E1361007555F5 /* UIKit.framework in Frameworks */ = {isa = PBXBuildFile; fileRef = D27B6680183E1361007555F5 /* UIKit.framework */; };
		D27B6687183E1361007555F5 /* InfoPlist.strings in Resources */ = {isa = PBXBuildFile; fileRef = D27B6685183E1361007555F5 /* InfoPlist.strings */; };
		D27B6689183E1361007555F5 /* main.m in Sources */ = {isa = PBXBuildFile; fileRef = D27B6688183E1361007555F5 /* main.m */; };
		D27B668D183E1361007555F5 /* STAppDelegate.m in Sources */ = {isa = PBXBuildFile; fileRef = D27B668C183E1361007555F5 /* STAppDelegate.m */; };
		D27B668F183E1362007555F5 /* Images.xcassets in Resources */ = {isa = PBXBuildFile; fileRef = D27B668E183E1362007555F5 /* Images.xcassets */; };
		D27B6696183E1362007555F5 /* XCTest.framework in Frameworks */ = {isa = PBXBuildFile; fileRef = D27B6695183E1362007555F5 /* XCTest.framework */; };
		D27B6697183E1362007555F5 /* Foundation.framework in Frameworks */ = {isa = PBXBuildFile; fileRef = D27B667C183E1361007555F5 /* Foundation.framework */; };
		D27B6698183E1362007555F5 /* UIKit.framework in Frameworks */ = {isa = PBXBuildFile; fileRef = D27B6680183E1361007555F5 /* UIKit.framework */; };
		D27B66A0183E1362007555F5 /* InfoPlist.strings in Resources */ = {isa = PBXBuildFile; fileRef = D27B669E183E1362007555F5 /* InfoPlist.strings */; };
		D27B66A2183E1362007555F5 /* SportsShoppingTests.m in Sources */ = {isa = PBXBuildFile; fileRef = D27B66A1183E1362007555F5 /* SportsShoppingTests.m */; };
		D27B66B1183E1542007555F5 /* STBlockButton.m in Sources */ = {isa = PBXBuildFile; fileRef = D27B66AE183E1542007555F5 /* STBlockButton.m */; settings = {COMPILER_FLAGS = "-fno-objc-arc"; }; };
		D27B66B2183E1542007555F5 /* UIView+Position.m in Sources */ = {isa = PBXBuildFile; fileRef = D27B66B0183E1542007555F5 /* UIView+Position.m */; };
		D27B66C6183E1550007555F5 /* SDImageCache.m in Sources */ = {isa = PBXBuildFile; fileRef = D27B66B5183E1550007555F5 /* SDImageCache.m */; settings = {COMPILER_FLAGS = "-fno-objc-arc"; }; };
		D27B66C7183E1550007555F5 /* SDWebImageDecoder.m in Sources */ = {isa = PBXBuildFile; fileRef = D27B66B9183E1550007555F5 /* SDWebImageDecoder.m */; settings = {COMPILER_FLAGS = "-fno-objc-arc"; }; };
		D27B66C8183E1550007555F5 /* SDWebImageDownloader.m in Sources */ = {isa = PBXBuildFile; fileRef = D27B66BB183E1550007555F5 /* SDWebImageDownloader.m */; settings = {COMPILER_FLAGS = "-fno-objc-arc"; }; };
		D27B66C9183E1550007555F5 /* SDWebImageManager.m in Sources */ = {isa = PBXBuildFile; fileRef = D27B66BE183E1550007555F5 /* SDWebImageManager.m */; settings = {COMPILER_FLAGS = "-fno-objc-arc"; }; };
		D27B66CA183E1550007555F5 /* SDWebImagePrefetcher.m in Sources */ = {isa = PBXBuildFile; fileRef = D27B66C1183E1550007555F5 /* SDWebImagePrefetcher.m */; settings = {COMPILER_FLAGS = "-fno-objc-arc"; }; };
		D27B66CB183E1550007555F5 /* UIButton+WebCache.m in Sources */ = {isa = PBXBuildFile; fileRef = D27B66C3183E1550007555F5 /* UIButton+WebCache.m */; settings = {COMPILER_FLAGS = "-fno-objc-arc"; }; };
		D27B66CC183E1550007555F5 /* UIImageView+WebCache.m in Sources */ = {isa = PBXBuildFile; fileRef = D27B66C5183E1550007555F5 /* UIImageView+WebCache.m */; settings = {COMPILER_FLAGS = "-fno-objc-arc"; }; };
		D27B66D8183E1562007555F5 /* FMDatabase.m in Sources */ = {isa = PBXBuildFile; fileRef = D27B66CF183E1562007555F5 /* FMDatabase.m */; };
		D27B66D9183E1562007555F5 /* FMDatabaseAdditions.m in Sources */ = {isa = PBXBuildFile; fileRef = D27B66D1183E1562007555F5 /* FMDatabaseAdditions.m */; };
		D27B66DA183E1562007555F5 /* FMDatabasePool.m in Sources */ = {isa = PBXBuildFile; fileRef = D27B66D3183E1562007555F5 /* FMDatabasePool.m */; };
		D27B66DB183E1562007555F5 /* FMDatabaseQueue.m in Sources */ = {isa = PBXBuildFile; fileRef = D27B66D5183E1562007555F5 /* FMDatabaseQueue.m */; };
		D27B66DC183E1562007555F5 /* FMResultSet.m in Sources */ = {isa = PBXBuildFile; fileRef = D27B66D7183E1562007555F5 /* FMResultSet.m */; };
		D27B66DF183E1574007555F5 /* DDMenuController.m in Sources */ = {isa = PBXBuildFile; fileRef = D27B66DE183E1574007555F5 /* DDMenuController.m */; };
		D27B66E2183E1587007555F5 /* NSString+URLEncoding.m in Sources */ = {isa = PBXBuildFile; fileRef = D27B66E1183E1587007555F5 /* NSString+URLEncoding.m */; settings = {COMPILER_FLAGS = "-fno-objc-arc"; }; };
		D27B66E5183E1590007555F5 /* STBaseViewController.m in Sources */ = {isa = PBXBuildFile; fileRef = D27B66E4183E1590007555F5 /* STBaseViewController.m */; };
		D27B66E8183E1614007555F5 /* libsqlite3.0.dylib in Frameworks */ = {isa = PBXBuildFile; fileRef = D27B66E7183E1614007555F5 /* libsqlite3.0.dylib */; };
		D27B66EB183E164D007555F5 /* STHomeViewController.m in Sources */ = {isa = PBXBuildFile; fileRef = D27B66EA183E164D007555F5 /* STHomeViewController.m */; };
/* End PBXBuildFile section */

/* Begin PBXContainerItemProxy section */
		D27B6699183E1362007555F5 /* PBXContainerItemProxy */ = {
			isa = PBXContainerItemProxy;
			containerPortal = D27B6671183E1361007555F5 /* Project object */;
			proxyType = 1;
			remoteGlobalIDString = D27B6678183E1361007555F5;
			remoteInfo = SportsShopping;
		};
/* End PBXContainerItemProxy section */

/* Begin PBXFileReference section */
		D27B6679183E1361007555F5 /* SportsShopping.app */ = {isa = PBXFileReference; explicitFileType = wrapper.application; includeInIndex = 0; path = SportsShopping.app; sourceTree = BUILT_PRODUCTS_DIR; };
		D27B667C183E1361007555F5 /* Foundation.framework */ = {isa = PBXFileReference; lastKnownFileType = wrapper.framework; name = Foundation.framework; path = System/Library/Frameworks/Foundation.framework; sourceTree = SDKROOT; };
		D27B667E183E1361007555F5 /* CoreGraphics.framework */ = {isa = PBXFileReference; lastKnownFileType = wrapper.framework; name = CoreGraphics.framework; path = System/Library/Frameworks/CoreGraphics.framework; sourceTree = SDKROOT; };
		D27B6680183E1361007555F5 /* UIKit.framework */ = {isa = PBXFileReference; lastKnownFileType = wrapper.framework; name = UIKit.framework; path = System/Library/Frameworks/UIKit.framework; sourceTree = SDKROOT; };
		D27B6684183E1361007555F5 /* SportsShopping-Info.plist */ = {isa = PBXFileReference; lastKnownFileType = text.plist.xml; path = "SportsShopping-Info.plist"; sourceTree = "<group>"; };
		D27B6686183E1361007555F5 /* en */ = {isa = PBXFileReference; lastKnownFileType = text.plist.strings; name = en; path = en.lproj/InfoPlist.strings; sourceTree = "<group>"; };
		D27B6688183E1361007555F5 /* main.m */ = {isa = PBXFileReference; lastKnownFileType = sourcecode.c.objc; path = main.m; sourceTree = "<group>"; };
		D27B668A183E1361007555F5 /* SportsShopping-Prefix.pch */ = {isa = PBXFileReference; lastKnownFileType = sourcecode.c.h; path = "SportsShopping-Prefix.pch"; sourceTree = "<group>"; };
		D27B668B183E1361007555F5 /* STAppDelegate.h */ = {isa = PBXFileReference; lastKnownFileType = sourcecode.c.h; path = STAppDelegate.h; sourceTree = "<group>"; };
		D27B668C183E1361007555F5 /* STAppDelegate.m */ = {isa = PBXFileReference; lastKnownFileType = sourcecode.c.objc; path = STAppDelegate.m; sourceTree = "<group>"; };
		D27B668E183E1362007555F5 /* Images.xcassets */ = {isa = PBXFileReference; lastKnownFileType = folder.assetcatalog; path = Images.xcassets; sourceTree = "<group>"; };
		D27B6694183E1362007555F5 /* SportsShoppingTests.xctest */ = {isa = PBXFileReference; explicitFileType = wrapper.cfbundle; includeInIndex = 0; path = SportsShoppingTests.xctest; sourceTree = BUILT_PRODUCTS_DIR; };
		D27B6695183E1362007555F5 /* XCTest.framework */ = {isa = PBXFileReference; lastKnownFileType = wrapper.framework; name = XCTest.framework; path = Library/Frameworks/XCTest.framework; sourceTree = DEVELOPER_DIR; };
		D27B669D183E1362007555F5 /* SportsShoppingTests-Info.plist */ = {isa = PBXFileReference; lastKnownFileType = text.plist.xml; path = "SportsShoppingTests-Info.plist"; sourceTree = "<group>"; };
		D27B669F183E1362007555F5 /* en */ = {isa = PBXFileReference; lastKnownFileType = text.plist.strings; name = en; path = en.lproj/InfoPlist.strings; sourceTree = "<group>"; };
		D27B66A1183E1362007555F5 /* SportsShoppingTests.m */ = {isa = PBXFileReference; lastKnownFileType = sourcecode.c.objc; path = SportsShoppingTests.m; sourceTree = "<group>"; };
		D27B66AD183E1542007555F5 /* STBlockButton.h */ = {isa = PBXFileReference; fileEncoding = 4; lastKnownFileType = sourcecode.c.h; path = STBlockButton.h; sourceTree = "<group>"; };
		D27B66AE183E1542007555F5 /* STBlockButton.m */ = {isa = PBXFileReference; fileEncoding = 4; lastKnownFileType = sourcecode.c.objc; path = STBlockButton.m; sourceTree = "<group>"; };
		D27B66AF183E1542007555F5 /* UIView+Position.h */ = {isa = PBXFileReference; fileEncoding = 4; lastKnownFileType = sourcecode.c.h; path = "UIView+Position.h"; sourceTree = "<group>"; };
		D27B66B0183E1542007555F5 /* UIView+Position.m */ = {isa = PBXFileReference; fileEncoding = 4; lastKnownFileType = sourcecode.c.objc; path = "UIView+Position.m"; sourceTree = "<group>"; };
		D27B66B4183E1550007555F5 /* SDImageCache.h */ = {isa = PBXFileReference; fileEncoding = 4; lastKnownFileType = sourcecode.c.h; path = SDImageCache.h; sourceTree = "<group>"; };
		D27B66B5183E1550007555F5 /* SDImageCache.m */ = {isa = PBXFileReference; fileEncoding = 4; lastKnownFileType = sourcecode.c.objc; path = SDImageCache.m; sourceTree = "<group>"; };
		D27B66B6183E1550007555F5 /* SDImageCacheDelegate.h */ = {isa = PBXFileReference; fileEncoding = 4; lastKnownFileType = sourcecode.c.h; path = SDImageCacheDelegate.h; sourceTree = "<group>"; };
		D27B66B7183E1550007555F5 /* SDWebImageCompat.h */ = {isa = PBXFileReference; fileEncoding = 4; lastKnownFileType = sourcecode.c.h; path = SDWebImageCompat.h; sourceTree = "<group>"; };
		D27B66B8183E1550007555F5 /* SDWebImageDecoder.h */ = {isa = PBXFileReference; fileEncoding = 4; lastKnownFileType = sourcecode.c.h; path = SDWebImageDecoder.h; sourceTree = "<group>"; };
		D27B66B9183E1550007555F5 /* SDWebImageDecoder.m */ = {isa = PBXFileReference; fileEncoding = 4; lastKnownFileType = sourcecode.c.objc; path = SDWebImageDecoder.m; sourceTree = "<group>"; };
		D27B66BA183E1550007555F5 /* SDWebImageDownloader.h */ = {isa = PBXFileReference; fileEncoding = 4; lastKnownFileType = sourcecode.c.h; path = SDWebImageDownloader.h; sourceTree = "<group>"; };
		D27B66BB183E1550007555F5 /* SDWebImageDownloader.m */ = {isa = PBXFileReference; fileEncoding = 4; lastKnownFileType = sourcecode.c.objc; path = SDWebImageDownloader.m; sourceTree = "<group>"; };
		D27B66BC183E1550007555F5 /* SDWebImageDownloaderDelegate.h */ = {isa = PBXFileReference; fileEncoding = 4; lastKnownFileType = sourcecode.c.h; path = SDWebImageDownloaderDelegate.h; sourceTree = "<group>"; };
		D27B66BD183E1550007555F5 /* SDWebImageManager.h */ = {isa = PBXFileReference; fileEncoding = 4; lastKnownFileType = sourcecode.c.h; path = SDWebImageManager.h; sourceTree = "<group>"; };
		D27B66BE183E1550007555F5 /* SDWebImageManager.m */ = {isa = PBXFileReference; fileEncoding = 4; lastKnownFileType = sourcecode.c.objc; path = SDWebImageManager.m; sourceTree = "<group>"; };
		D27B66BF183E1550007555F5 /* SDWebImageManagerDelegate.h */ = {isa = PBXFileReference; fileEncoding = 4; lastKnownFileType = sourcecode.c.h; path = SDWebImageManagerDelegate.h; sourceTree = "<group>"; };
		D27B66C0183E1550007555F5 /* SDWebImagePrefetcher.h */ = {isa = PBXFileReference; fileEncoding = 4; lastKnownFileType = sourcecode.c.h; path = SDWebImagePrefetcher.h; sourceTree = "<group>"; };
		D27B66C1183E1550007555F5 /* SDWebImagePrefetcher.m */ = {isa = PBXFileReference; fileEncoding = 4; lastKnownFileType = sourcecode.c.objc; path = SDWebImagePrefetcher.m; sourceTree = "<group>"; };
		D27B66C2183E1550007555F5 /* UIButton+WebCache.h */ = {isa = PBXFileReference; fileEncoding = 4; lastKnownFileType = sourcecode.c.h; path = "UIButton+WebCache.h"; sourceTree = "<group>"; };
		D27B66C3183E1550007555F5 /* UIButton+WebCache.m */ = {isa = PBXFileReference; fileEncoding = 4; lastKnownFileType = sourcecode.c.objc; path = "UIButton+WebCache.m"; sourceTree = "<group>"; };
		D27B66C4183E1550007555F5 /* UIImageView+WebCache.h */ = {isa = PBXFileReference; fileEncoding = 4; lastKnownFileType = sourcecode.c.h; path = "UIImageView+WebCache.h"; sourceTree = "<group>"; };
		D27B66C5183E1550007555F5 /* UIImageView+WebCache.m */ = {isa = PBXFileReference; fileEncoding = 4; lastKnownFileType = sourcecode.c.objc; path = "UIImageView+WebCache.m"; sourceTree = "<group>"; };
		D27B66CE183E1562007555F5 /* FMDatabase.h */ = {isa = PBXFileReference; fileEncoding = 4; lastKnownFileType = sourcecode.c.h; path = FMDatabase.h; sourceTree = "<group>"; };
		D27B66CF183E1562007555F5 /* FMDatabase.m */ = {isa = PBXFileReference; fileEncoding = 4; lastKnownFileType = sourcecode.c.objc; path = FMDatabase.m; sourceTree = "<group>"; };
		D27B66D0183E1562007555F5 /* FMDatabaseAdditions.h */ = {isa = PBXFileReference; fileEncoding = 4; lastKnownFileType = sourcecode.c.h; path = FMDatabaseAdditions.h; sourceTree = "<group>"; };
		D27B66D1183E1562007555F5 /* FMDatabaseAdditions.m */ = {isa = PBXFileReference; fileEncoding = 4; lastKnownFileType = sourcecode.c.objc; path = FMDatabaseAdditions.m; sourceTree = "<group>"; };
		D27B66D2183E1562007555F5 /* FMDatabasePool.h */ = {isa = PBXFileReference; fileEncoding = 4; lastKnownFileType = sourcecode.c.h; path = FMDatabasePool.h; sourceTree = "<group>"; };
		D27B66D3183E1562007555F5 /* FMDatabasePool.m */ = {isa = PBXFileReference; fileEncoding = 4; lastKnownFileType = sourcecode.c.objc; path = FMDatabasePool.m; sourceTree = "<group>"; };
		D27B66D4183E1562007555F5 /* FMDatabaseQueue.h */ = {isa = PBXFileReference; fileEncoding = 4; lastKnownFileType = sourcecode.c.h; path = FMDatabaseQueue.h; sourceTree = "<group>"; };
		D27B66D5183E1562007555F5 /* FMDatabaseQueue.m */ = {isa = PBXFileReference; fileEncoding = 4; lastKnownFileType = sourcecode.c.objc; path = FMDatabaseQueue.m; sourceTree = "<group>"; };
		D27B66D6183E1562007555F5 /* FMResultSet.h */ = {isa = PBXFileReference; fileEncoding = 4; lastKnownFileType = sourcecode.c.h; path = FMResultSet.h; sourceTree = "<group>"; };
		D27B66D7183E1562007555F5 /* FMResultSet.m */ = {isa = PBXFileReference; fileEncoding = 4; lastKnownFileType = sourcecode.c.objc; path = FMResultSet.m; sourceTree = "<group>"; };
		D27B66DD183E1574007555F5 /* DDMenuController.h */ = {isa = PBXFileReference; fileEncoding = 4; lastKnownFileType = sourcecode.c.h; path = DDMenuController.h; sourceTree = "<group>"; };
		D27B66DE183E1574007555F5 /* DDMenuController.m */ = {isa = PBXFileReference; fileEncoding = 4; lastKnownFileType = sourcecode.c.objc; path = DDMenuController.m; sourceTree = "<group>"; };
		D27B66E0183E1587007555F5 /* NSString+URLEncoding.h */ = {isa = PBXFileReference; fileEncoding = 4; lastKnownFileType = sourcecode.c.h; path = "NSString+URLEncoding.h"; sourceTree = "<group>"; };
		D27B66E1183E1587007555F5 /* NSString+URLEncoding.m */ = {isa = PBXFileReference; fileEncoding = 4; lastKnownFileType = sourcecode.c.objc; path = "NSString+URLEncoding.m"; sourceTree = "<group>"; };
		D27B66E3183E1590007555F5 /* STBaseViewController.h */ = {isa = PBXFileReference; fileEncoding = 4; lastKnownFileType = sourcecode.c.h; path = STBaseViewController.h; sourceTree = "<group>"; };
		D27B66E4183E1590007555F5 /* STBaseViewController.m */ = {isa = PBXFileReference; fileEncoding = 4; lastKnownFileType = sourcecode.c.objc; path = STBaseViewController.m; sourceTree = "<group>"; };
		D27B66E7183E1614007555F5 /* libsqlite3.0.dylib */ = {isa = PBXFileReference; lastKnownFileType = "compiled.mach-o.dylib"; name = libsqlite3.0.dylib; path = usr/lib/libsqlite3.0.dylib; sourceTree = SDKROOT; };
		D27B66E9183E164D007555F5 /* STHomeViewController.h */ = {isa = PBXFileReference; fileEncoding = 4; lastKnownFileType = sourcecode.c.h; path = STHomeViewController.h; sourceTree = "<group>"; };
		D27B66EA183E164D007555F5 /* STHomeViewController.m */ = {isa = PBXFileReference; fileEncoding = 4; lastKnownFileType = sourcecode.c.objc; path = STHomeViewController.m; sourceTree = "<group>"; };
/* End PBXFileReference section */

/* Begin PBXFrameworksBuildPhase section */
		D27B6676183E1361007555F5 /* Frameworks */ = {
			isa = PBXFrameworksBuildPhase;
			buildActionMask = 2147483647;
			files = (
				D27B66E8183E1614007555F5 /* libsqlite3.0.dylib in Frameworks */,
				D27B667F183E1361007555F5 /* CoreGraphics.framework in Frameworks */,
				D27B6681183E1361007555F5 /* UIKit.framework in Frameworks */,
				D27B667D183E1361007555F5 /* Foundation.framework in Frameworks */,
			);
			runOnlyForDeploymentPostprocessing = 0;
		};
		D27B6691183E1362007555F5 /* Frameworks */ = {
			isa = PBXFrameworksBuildPhase;
			buildActionMask = 2147483647;
			files = (
				D27B6696183E1362007555F5 /* XCTest.framework in Frameworks */,
				D27B6698183E1362007555F5 /* UIKit.framework in Frameworks */,
				D27B6697183E1362007555F5 /* Foundation.framework in Frameworks */,
			);
			runOnlyForDeploymentPostprocessing = 0;
		};
/* End PBXFrameworksBuildPhase section */

/* Begin PBXGroup section */
		D27B6670183E1361007555F5 = {
			isa = PBXGroup;
			children = (
				D27B6682183E1361007555F5 /* SportsShopping */,
				D27B669B183E1362007555F5 /* SportsShoppingTests */,
				D27B667B183E1361007555F5 /* Frameworks */,
				D27B667A183E1361007555F5 /* Products */,
			);
			sourceTree = "<group>";
		};
		D27B667A183E1361007555F5 /* Products */ = {
			isa = PBXGroup;
			children = (
				D27B6679183E1361007555F5 /* SportsShopping.app */,
				D27B6694183E1362007555F5 /* SportsShoppingTests.xctest */,
			);
			name = Products;
			sourceTree = "<group>";
		};
		D27B667B183E1361007555F5 /* Frameworks */ = {
			isa = PBXGroup;
			children = (
				D27B66E7183E1614007555F5 /* libsqlite3.0.dylib */,
				D27B667C183E1361007555F5 /* Foundation.framework */,
				D27B667E183E1361007555F5 /* CoreGraphics.framework */,
				D27B6680183E1361007555F5 /* UIKit.framework */,
				D27B6695183E1362007555F5 /* XCTest.framework */,
			);
			name = Frameworks;
			sourceTree = "<group>";
		};
		D27B6682183E1361007555F5 /* SportsShopping */ = {
			isa = PBXGroup;
			children = (
				D27B668B183E1361007555F5 /* STAppDelegate.h */,
				D27B668C183E1361007555F5 /* STAppDelegate.m */,
				D27B66E6183E1597007555F5 /* OpenSource */,
				D27B66AC183E1505007555F5 /* Base */,
				D27B66AB183E14F9007555F5 /* Home */,
				D27B668E183E1362007555F5 /* Images.xcassets */,
				D27B6683183E1361007555F5 /* Supporting Files */,
			);
			path = SportsShopping;
			sourceTree = "<group>";
		};
		D27B6683183E1361007555F5 /* Supporting Files */ = {
			isa = PBXGroup;
			children = (
				D27B6684183E1361007555F5 /* SportsShopping-Info.plist */,
				D27B6685183E1361007555F5 /* InfoPlist.strings */,
				D27B6688183E1361007555F5 /* main.m */,
				D27B668A183E1361007555F5 /* SportsShopping-Prefix.pch */,
			);
			name = "Supporting Files";
			sourceTree = "<group>";
		};
		D27B669B183E1362007555F5 /* SportsShoppingTests */ = {
			isa = PBXGroup;
			children = (
				D27B66A1183E1362007555F5 /* SportsShoppingTests.m */,
				D27B669C183E1362007555F5 /* Supporting Files */,
			);
			path = SportsShoppingTests;
			sourceTree = "<group>";
		};
		D27B669C183E1362007555F5 /* Supporting Files */ = {
			isa = PBXGroup;
			children = (
				D27B669D183E1362007555F5 /* SportsShoppingTests-Info.plist */,
				D27B669E183E1362007555F5 /* InfoPlist.strings */,
			);
			name = "Supporting Files";
			sourceTree = "<group>";
		};
		D27B66AB183E14F9007555F5 /* Home */ = {
			isa = PBXGroup;
			children = (
				D27B66E9183E164D007555F5 /* STHomeViewController.h */,
				D27B66EA183E164D007555F5 /* STHomeViewController.m */,
			);
			name = Home;
			sourceTree = "<group>";
		};
		D27B66AC183E1505007555F5 /* Base */ = {
			isa = PBXGroup;
			children = (
				D27B66E3183E1590007555F5 /* STBaseViewController.h */,
				D27B66E4183E1590007555F5 /* STBaseViewController.m */,
			);
			name = Base;
			sourceTree = "<group>";
		};
		D27B66B3183E1550007555F5 /* SDWebImage */ = {
			isa = PBXGroup;
			children = (
				D27B66B4183E1550007555F5 /* SDImageCache.h */,
				D27B66B5183E1550007555F5 /* SDImageCache.m */,
				D27B66B6183E1550007555F5 /* SDImageCacheDelegate.h */,
				D27B66B7183E1550007555F5 /* SDWebImageCompat.h */,
				D27B66B8183E1550007555F5 /* SDWebImageDecoder.h */,
				D27B66B9183E1550007555F5 /* SDWebImageDecoder.m */,
				D27B66BA183E1550007555F5 /* SDWebImageDownloader.h */,
				D27B66BB183E1550007555F5 /* SDWebImageDownloader.m */,
				D27B66BC183E1550007555F5 /* SDWebImageDownloaderDelegate.h */,
				D27B66BD183E1550007555F5 /* SDWebImageManager.h */,
				D27B66BE183E1550007555F5 /* SDWebImageManager.m */,
				D27B66BF183E1550007555F5 /* SDWebImageManagerDelegate.h */,
				D27B66C0183E1550007555F5 /* SDWebImagePrefetcher.h */,
				D27B66C1183E1550007555F5 /* SDWebImagePrefetcher.m */,
				D27B66C2183E1550007555F5 /* UIButton+WebCache.h */,
				D27B66C3183E1550007555F5 /* UIButton+WebCache.m */,
				D27B66C4183E1550007555F5 /* UIImageView+WebCache.h */,
				D27B66C5183E1550007555F5 /* UIImageView+WebCache.m */,
			);
			path = SDWebImage;
			sourceTree = "<group>";
		};
		D27B66CD183E1562007555F5 /* FMDB */ = {
			isa = PBXGroup;
			children = (
				D27B66CE183E1562007555F5 /* FMDatabase.h */,
				D27B66CF183E1562007555F5 /* FMDatabase.m */,
				D27B66D0183E1562007555F5 /* FMDatabaseAdditions.h */,
				D27B66D1183E1562007555F5 /* FMDatabaseAdditions.m */,
				D27B66D2183E1562007555F5 /* FMDatabasePool.h */,
				D27B66D3183E1562007555F5 /* FMDatabasePool.m */,
				D27B66D4183E1562007555F5 /* FMDatabaseQueue.h */,
				D27B66D5183E1562007555F5 /* FMDatabaseQueue.m */,
				D27B66D6183E1562007555F5 /* FMResultSet.h */,
				D27B66D7183E1562007555F5 /* FMResultSet.m */,
			);
			path = FMDB;
			sourceTree = "<group>";
		};
		D27B66E6183E1597007555F5 /* OpenSource */ = {
			isa = PBXGroup;
			children = (
				D27B66CD183E1562007555F5 /* FMDB */,
				D27B66B3183E1550007555F5 /* SDWebImage */,
				D27B66AD183E1542007555F5 /* STBlockButton.h */,
				D27B66AE183E1542007555F5 /* STBlockButton.m */,
				D27B66AF183E1542007555F5 /* UIView+Position.h */,
				D27B66B0183E1542007555F5 /* UIView+Position.m */,
				D27B66E0183E1587007555F5 /* NSString+URLEncoding.h */,
				D27B66E1183E1587007555F5 /* NSString+URLEncoding.m */,
				D27B66DD183E1574007555F5 /* DDMenuController.h */,
				D27B66DE183E1574007555F5 /* DDMenuController.m */,
			);
			name = OpenSource;
			sourceTree = "<group>";
		};
/* End PBXGroup section */

/* Begin PBXNativeTarget section */
		D27B6678183E1361007555F5 /* SportsShopping */ = {
			isa = PBXNativeTarget;
			buildConfigurationList = D27B66A5183E1362007555F5 /* Build configuration list for PBXNativeTarget "SportsShopping" */;
			buildPhases = (
				D27B6675183E1361007555F5 /* Sources */,
				D27B6676183E1361007555F5 /* Frameworks */,
				D27B6677183E1361007555F5 /* Resources */,
			);
			buildRules = (
			);
			dependencies = (
			);
			name = SportsShopping;
			productName = SportsShopping;
			productReference = D27B6679183E1361007555F5 /* SportsShopping.app */;
			productType = "com.apple.product-type.application";
		};
		D27B6693183E1362007555F5 /* SportsShoppingTests */ = {
			isa = PBXNativeTarget;
			buildConfigurationList = D27B66A8183E1362007555F5 /* Build configuration list for PBXNativeTarget "SportsShoppingTests" */;
			buildPhases = (
				D27B6690183E1362007555F5 /* Sources */,
				D27B6691183E1362007555F5 /* Frameworks */,
				D27B6692183E1362007555F5 /* Resources */,
			);
			buildRules = (
			);
			dependencies = (
				D27B669A183E1362007555F5 /* PBXTargetDependency */,
			);
			name = SportsShoppingTests;
			productName = SportsShoppingTests;
			productReference = D27B6694183E1362007555F5 /* SportsShoppingTests.xctest */;
			productType = "com.apple.product-type.bundle.unit-test";
		};
/* End PBXNativeTarget section */

/* Begin PBXProject section */
		D27B6671183E1361007555F5 /* Project object */ = {
			isa = PBXProject;
			attributes = {
				CLASSPREFIX = ST;
				LastUpgradeCheck = 0500;
				ORGANIZATIONNAME = scott;
				TargetAttributes = {
					D27B6693183E1362007555F5 = {
						TestTargetID = D27B6678183E1361007555F5;
					};
				};
			};
			buildConfigurationList = D27B6674183E1361007555F5 /* Build configuration list for PBXProject "SportsShopping" */;
			compatibilityVersion = "Xcode 3.2";
			developmentRegion = English;
			hasScannedForEncodings = 0;
			knownRegions = (
				en,
			);
			mainGroup = D27B6670183E1361007555F5;
			productRefGroup = D27B667A183E1361007555F5 /* Products */;
			projectDirPath = "";
			projectRoot = "";
			targets = (
				D27B6678183E1361007555F5 /* SportsShopping */,
				D27B6693183E1362007555F5 /* SportsShoppingTests */,
			);
		};
/* End PBXProject section */

/* Begin PBXResourcesBuildPhase section */
		D27B6677183E1361007555F5 /* Resources */ = {
			isa = PBXResourcesBuildPhase;
			buildActionMask = 2147483647;
			files = (
				D27B6687183E1361007555F5 /* InfoPlist.strings in Resources */,
				D27B668F183E1362007555F5 /* Images.xcassets in Resources */,
			);
			runOnlyForDeploymentPostprocessing = 0;
		};
		D27B6692183E1362007555F5 /* Resources */ = {
			isa = PBXResourcesBuildPhase;
			buildActionMask = 2147483647;
			files = (
				D27B66A0183E1362007555F5 /* InfoPlist.strings in Resources */,
			);
			runOnlyForDeploymentPostprocessing = 0;
		};
/* End PBXResourcesBuildPhase section */

/* Begin PBXSourcesBuildPhase section */
		D27B6675183E1361007555F5 /* Sources */ = {
			isa = PBXSourcesBuildPhase;
			buildActionMask = 2147483647;
			files = (
				D27B66E2183E1587007555F5 /* NSString+URLEncoding.m in Sources */,
				D27B66CC183E1550007555F5 /* UIImageView+WebCache.m in Sources */,
				D27B66CA183E1550007555F5 /* SDWebImagePrefetcher.m in Sources */,
				D27B6689183E1361007555F5 /* main.m in Sources */,
				D27B66D8183E1562007555F5 /* FMDatabase.m in Sources */,
				D27B66C9183E1550007555F5 /* SDWebImageManager.m in Sources */,
				D27B66DB183E1562007555F5 /* FMDatabaseQueue.m in Sources */,
				D27B66DC183E1562007555F5 /* FMResultSet.m in Sources */,
				D27B66EB183E164D007555F5 /* STHomeViewController.m in Sources */,
				D27B66B2183E1542007555F5 /* UIView+Position.m in Sources */,
				D27B668D183E1361007555F5 /* STAppDelegate.m in Sources */,
				D27B66B1183E1542007555F5 /* STBlockButton.m in Sources */,
				D27B66D9183E1562007555F5 /* FMDatabaseAdditions.m in Sources */,
				D27B66E5183E1590007555F5 /* STBaseViewController.m in Sources */,
				D27B66C7183E1550007555F5 /* SDWebImageDecoder.m in Sources */,
				D27B66DF183E1574007555F5 /* DDMenuController.m in Sources */,
				D27B66CB183E1550007555F5 /* UIButton+WebCache.m in Sources */,
				D27B66DA183E1562007555F5 /* FMDatabasePool.m in Sources */,
				D27B66C8183E1550007555F5 /* SDWebImageDownloader.m in Sources */,
				D27B66C6183E1550007555F5 /* SDImageCache.m in Sources */,
			);
			runOnlyForDeploymentPostprocessing = 0;
		};
		D27B6690183E1362007555F5 /* Sources */ = {
			isa = PBXSourcesBuildPhase;
			buildActionMask = 2147483647;
			files = (
				D27B66A2183E1362007555F5 /* SportsShoppingTests.m in Sources */,
			);
			runOnlyForDeploymentPostprocessing = 0;
		};
/* End PBXSourcesBuildPhase section */

/* Begin PBXTargetDependency section */
		D27B669A183E1362007555F5 /* PBXTargetDependency */ = {
			isa = PBXTargetDependency;
			target = D27B6678183E1361007555F5 /* SportsShopping */;
			targetProxy = D27B6699183E1362007555F5 /* PBXContainerItemProxy */;
		};
/* End PBXTargetDependency section */

/* Begin PBXVariantGroup section */
		D27B6685183E1361007555F5 /* InfoPlist.strings */ = {
			isa = PBXVariantGroup;
			children = (
				D27B6686183E1361007555F5 /* en */,
			);
			name = InfoPlist.strings;
			sourceTree = "<group>";
		};
		D27B669E183E1362007555F5 /* InfoPlist.strings */ = {
			isa = PBXVariantGroup;
			children = (
				D27B669F183E1362007555F5 /* en */,
			);
			name = InfoPlist.strings;
			sourceTree = "<group>";
		};
/* End PBXVariantGroup section */

/* Begin XCBuildConfiguration section */
		D27B66A3183E1362007555F5 /* Debug */ = {
			isa = XCBuildConfiguration;
			buildSettings = {
				ALWAYS_SEARCH_USER_PATHS = NO;
				ARCHS = "$(ARCHS_STANDARD_INCLUDING_64_BIT)";
				CLANG_CXX_LANGUAGE_STANDARD = "gnu++0x";
				CLANG_CXX_LIBRARY = "libc++";
				CLANG_ENABLE_MODULES = YES;
				CLANG_ENABLE_OBJC_ARC = YES;
				CLANG_WARN_BOOL_CONVERSION = YES;
				CLANG_WARN_CONSTANT_CONVERSION = YES;
				CLANG_WARN_DIRECT_OBJC_ISA_USAGE = YES_ERROR;
				CLANG_WARN_EMPTY_BODY = YES;
				CLANG_WARN_ENUM_CONVERSION = YES;
				CLANG_WARN_INT_CONVERSION = YES;
				CLANG_WARN_OBJC_ROOT_CLASS = YES_ERROR;
				CLANG_WARN__DUPLICATE_METHOD_MATCH = YES;
				"CODE_SIGN_IDENTITY[sdk=iphoneos*]" = "iPhone Developer";
				COPY_PHASE_STRIP = NO;
				GCC_C_LANGUAGE_STANDARD = gnu99;
				GCC_DYNAMIC_NO_PIC = NO;
				GCC_OPTIMIZATION_LEVEL = 0;
				GCC_PREPROCESSOR_DEFINITIONS = (
					"DEBUG=1",
					"$(inherited)",
				);
				GCC_SYMBOLS_PRIVATE_EXTERN = NO;
				GCC_WARN_64_TO_32_BIT_CONVERSION = YES;
				GCC_WARN_ABOUT_RETURN_TYPE = YES_ERROR;
				GCC_WARN_UNDECLARED_SELECTOR = YES;
				GCC_WARN_UNINITIALIZED_AUTOS = YES;
				GCC_WARN_UNUSED_FUNCTION = YES;
				GCC_WARN_UNUSED_VARIABLE = YES;
				IPHONEOS_DEPLOYMENT_TARGET = 7.0;
				ONLY_ACTIVE_ARCH = YES;
				SDKROOT = iphoneos;
			};
			name = Debug;
		};
		D27B66A4183E1362007555F5 /* Release */ = {
			isa = XCBuildConfiguration;
			buildSettings = {
				ALWAYS_SEARCH_USER_PATHS = NO;
				ARCHS = "$(ARCHS_STANDARD_INCLUDING_64_BIT)";
				CLANG_CXX_LANGUAGE_STANDARD = "gnu++0x";
				CLANG_CXX_LIBRARY = "libc++";
				CLANG_ENABLE_MODULES = YES;
				CLANG_ENABLE_OBJC_ARC = YES;
				CLANG_WARN_BOOL_CONVERSION = YES;
				CLANG_WARN_CONSTANT_CONVERSION = YES;
				CLANG_WARN_DIRECT_OBJC_ISA_USAGE = YES_ERROR;
				CLANG_WARN_EMPTY_BODY = YES;
				CLANG_WARN_ENUM_CONVERSION = YES;
				CLANG_WARN_INT_CONVERSION = YES;
				CLANG_WARN_OBJC_ROOT_CLASS = YES_ERROR;
				CLANG_WARN__DUPLICATE_METHOD_MATCH = YES;
				"CODE_SIGN_IDENTITY[sdk=iphoneos*]" = "iPhone Developer";
				COPY_PHASE_STRIP = YES;
				ENABLE_NS_ASSERTIONS = NO;
				GCC_C_LANGUAGE_STANDARD = gnu99;
				GCC_WARN_64_TO_32_BIT_CONVERSION = YES;
				GCC_WARN_ABOUT_RETURN_TYPE = YES_ERROR;
				GCC_WARN_UNDECLARED_SELECTOR = YES;
				GCC_WARN_UNINITIALIZED_AUTOS = YES;
				GCC_WARN_UNUSED_FUNCTION = YES;
				GCC_WARN_UNUSED_VARIABLE = YES;
				IPHONEOS_DEPLOYMENT_TARGET = 7.0;
				SDKROOT = iphoneos;
				VALIDATE_PRODUCT = YES;
			};
			name = Release;
		};
		D27B66A6183E1362007555F5 /* Debug */ = {
			isa = XCBuildConfiguration;
			buildSettings = {
				ASSETCATALOG_COMPILER_APPICON_NAME = AppIcon;
				ASSETCATALOG_COMPILER_LAUNCHIMAGE_NAME = LaunchImage;
				GCC_PRECOMPILE_PREFIX_HEADER = YES;
				GCC_PREFIX_HEADER = "SportsShopping/SportsShopping-Prefix.pch";
				INFOPLIST_FILE = "SportsShopping/SportsShopping-Info.plist";
				PRODUCT_NAME = "$(TARGET_NAME)";
				WRAPPER_EXTENSION = app;
			};
			name = Debug;
		};
		D27B66A7183E1362007555F5 /* Release */ = {
			isa = XCBuildConfiguration;
			buildSettings = {
				ASSETCATALOG_COMPILER_APPICON_NAME = AppIcon;
				ASSETCATALOG_COMPILER_LAUNCHIMAGE_NAME = LaunchImage;
				GCC_PRECOMPILE_PREFIX_HEADER = YES;
				GCC_PREFIX_HEADER = "SportsShopping/SportsShopping-Prefix.pch";
				INFOPLIST_FILE = "SportsShopping/SportsShopping-Info.plist";
				PRODUCT_NAME = "$(TARGET_NAME)";
				WRAPPER_EXTENSION = app;
			};
			name = Release;
		};
		D27B66A9183E1362007555F5 /* Debug */ = {
			isa = XCBuildConfiguration;
			buildSettings = {
				ARCHS = "$(ARCHS_STANDARD_INCLUDING_64_BIT)";
				BUNDLE_LOADER = "$(BUILT_PRODUCTS_DIR)/SportsShopping.app/SportsShopping";
				FRAMEWORK_SEARCH_PATHS = (
					"$(SDKROOT)/Developer/Library/Frameworks",
					"$(inherited)",
					"$(DEVELOPER_FRAMEWORKS_DIR)",
				);
				GCC_PRECOMPILE_PREFIX_HEADER = YES;
				GCC_PREFIX_HEADER = "SportsShopping/SportsShopping-Prefix.pch";
				GCC_PREPROCESSOR_DEFINITIONS = (
					"DEBUG=1",
					"$(inherited)",
				);
				INFOPLIST_FILE = "SportsShoppingTests/SportsShoppingTests-Info.plist";
				PRODUCT_NAME = "$(TARGET_NAME)";
				TEST_HOST = "$(BUNDLE_LOADER)";
				WRAPPER_EXTENSION = xctest;
			};
			name = Debug;
		};
		D27B66AA183E1362007555F5 /* Release */ = {
			isa = XCBuildConfiguration;
			buildSettings = {
				ARCHS = "$(ARCHS_STANDARD_INCLUDING_64_BIT)";
				BUNDLE_LOADER = "$(BUILT_PRODUCTS_DIR)/SportsShopping.app/SportsShopping";
				FRAMEWORK_SEARCH_PATHS = (
					"$(SDKROOT)/Developer/Library/Frameworks",
					"$(inherited)",
					"$(DEVELOPER_FRAMEWORKS_DIR)",
				);
				GCC_PRECOMPILE_PREFIX_HEADER = YES;
				GCC_PREFIX_HEADER = "SportsShopping/SportsShopping-Prefix.pch";
				INFOPLIST_FILE = "SportsShoppingTests/SportsShoppingTests-Info.plist";
				PRODUCT_NAME = "$(TARGET_NAME)";
				TEST_HOST = "$(BUNDLE_LOADER)";
				WRAPPER_EXTENSION = xctest;
			};
			name = Release;
		};
/* End XCBuildConfiguration section */

/* Begin XCConfigurationList section */
		D27B6674183E1361007555F5 /* Build configuration list for PBXProject "SportsShopping" */ = {
			isa = XCConfigurationList;
			buildConfigurations = (
				D27B66A3183E1362007555F5 /* Debug */,
				D27B66A4183E1362007555F5 /* Release */,
			);
			defaultConfigurationIsVisible = 0;
			defaultConfigurationName = Release;
		};
		D27B66A5183E1362007555F5 /* Build configuration list for PBXNativeTarget "SportsShopping" */ = {
			isa = XCConfigurationList;
			buildConfigurations = (
				D27B66A6183E1362007555F5 /* Debug */,
				D27B66A7183E1362007555F5 /* Release */,
			);
			defaultConfigurationIsVisible = 0;
			defaultConfigurationName = Release;
		};
		D27B66A8183E1362007555F5 /* Build configuration list for PBXNativeTarget "SportsShoppingTests" */ = {
			isa = XCConfigurationList;
			buildConfigurations = (
				D27B66A9183E1362007555F5 /* Debug */,
				D27B66AA183E1362007555F5 /* Release */,
			);
			defaultConfigurationIsVisible = 0;
			defaultConfigurationName = Release;
		};
/* End XCConfigurationList section */
	};
	rootObject = D27B6671183E1361007555F5 /* Project object */;
}
